// !$*UTF8*$!
{
	archiveVersion = 1;
	classes = {
	};
	objectVersion = 77;
	objects = {

/* Begin PBXBuildFile section */
		09D762574E34B0934E137E4B /* GoogleService-Info.plist in Resources */ = {isa = PBXBuildFile; fileRef = 65A0DFC5793A9DA8DEE3335E /* GoogleService-Info.plist */; };
		0A2F523ECED9070744A0665C /* PurchaseManager.swift in Sources */ = {isa = PBXBuildFile; fileRef = 6F17BD017E319CD6B181876C /* PurchaseManager.swift */; };
		1669FF71F190326F73058C97 /* PlanCardView.swift in Sources */ = {isa = PBXBuildFile; fileRef = 6313B0A55581090BEA6B4A13 /* PlanCardView.swift */; };
		2936AC324024CAFC07A04B44 /* PaywallView.swift in Sources */ = {isa = PBXBuildFile; fileRef = 8CAA9C82EC2A449C5F50F0CD /* PaywallView.swift */; };
		3258D39B4BF09B8943B0FCA5 /* OnboardingVideoView.swift in Sources */ = {isa = PBXBuildFile; fileRef = C0545853EA07D5F8565556FF /* OnboardingVideoView.swift */; };
		34C92730ADAA72393BA942A0 /* FantasiaApp.swift in Sources */ = {isa = PBXBuildFile; fileRef = 27960EB90112C73C94A802EC /* FantasiaApp.swift */; };
		3729BF5D687CF0876974F3FF /* CreditManager.swift in Sources */ = {isa = PBXBuildFile; fileRef = 60D880315248963AAE05C9C2 /* CreditManager.swift */; };
		43B31DB2BD0904565F710E08 /* EntitlementLevel.swift in Sources */ = {isa = PBXBuildFile; fileRef = 9853E4B33F245F5961DC8563 /* EntitlementLevel.swift */; };
		56F365A49D67F15CB5AB8308 /* AuthManager.swift in Sources */ = {isa = PBXBuildFile; fileRef = 5BD7E4FAC5CC8CB747642E0C /* AuthManager.swift */; };
		58904F33D07BE199DD02AF7B /* OnboardingView.swift in Sources */ = {isa = PBXBuildFile; fileRef = 2B5077D8688B1538D3C4D849 /* OnboardingView.swift */; };
		58BBC50A32FB46F00A059BB6 /* FirebaseAuth in Frameworks */ = {isa = PBXBuildFile; productRef = EF9247AFEBA3DE555B9CEA35 /* FirebaseAuth */; };
		65FF5377B8122B161E1F8B23 /* APIClient.swift in Sources */ = {isa = PBXBuildFile; fileRef = F85FD0F112C85F88EAD5E3A7 /* APIClient.swift */; };
		85CA86AA8FFD652B733E9213 /* MainTabView.swift in Sources */ = {isa = PBXBuildFile; fileRef = AD06EBDDED984EC354B17EC5 /* MainTabView.swift */; };
		989874F0945BA7356528F19E /* RevenueCat in Frameworks */ = {isa = PBXBuildFile; productRef = 449957FC49E746A99AC14325 /* RevenueCat */; };
		AABF3AA3BAB73CEDC39DF5FA /* OnboardingFeaturesView.swift in Sources */ = {isa = PBXBuildFile; fileRef = 7D3BAFAAAE60103802F52B33 /* OnboardingFeaturesView.swift */; };
		B49029739FF08706EA9810E7 /* AppConfig.swift in Sources */ = {isa = PBXBuildFile; fileRef = 2D982E3DBBB56BABEB652202 /* AppConfig.swift */; };
		D68C30A5ACC054F44E532B0D /* SplashView.swift in Sources */ = {isa = PBXBuildFile; fileRef = C2752AF2A62657566B211B9B /* SplashView.swift */; };
		D9E82A35EB3D988E52600956 /* SignInView.swift in Sources */ = {isa = PBXBuildFile; fileRef = 63A65D5512DE91F2D2D1BC1B /* SignInView.swift */; };
		E0D396BB6619E7630B49C1E2 /* ContentView.swift in Sources */ = {isa = PBXBuildFile; fileRef = 8A0CDFF7D5E6363BDD71A92A /* ContentView.swift */; };
/* End PBXBuildFile section */

/* Begin PBXFileReference section */
		27960EB90112C73C94A802EC /* FantasiaApp.swift */ = {isa = PBXFileReference; lastKnownFileType = sourcecode.swift; path = FantasiaApp.swift; sourceTree = "<group>"; };
		2B5077D8688B1538D3C4D849 /* OnboardingView.swift */ = {isa = PBXFileReference; lastKnownFileType = sourcecode.swift; path = OnboardingView.swift; sourceTree = "<group>"; };
		2D982E3DBBB56BABEB652202 /* AppConfig.swift */ = {isa = PBXFileReference; lastKnownFileType = sourcecode.swift; path = AppConfig.swift; sourceTree = "<group>"; };
		3DA93D5A4C686554C519842D /* Info.plist */ = {isa = PBXFileReference; lastKnownFileType = text.plist; path = Info.plist; sourceTree = "<group>"; };
		5BD7E4FAC5CC8CB747642E0C /* AuthManager.swift */ = {isa = PBXFileReference; lastKnownFileType = sourcecode.swift; path = AuthManager.swift; sourceTree = "<group>"; };
		60D880315248963AAE05C9C2 /* CreditManager.swift */ = {isa = PBXFileReference; lastKnownFileType = sourcecode.swift; path = CreditManager.swift; sourceTree = "<group>"; };
		6313B0A55581090BEA6B4A13 /* PlanCardView.swift */ = {isa = PBXFileReference; lastKnownFileType = sourcecode.swift; path = PlanCardView.swift; sourceTree = "<group>"; };
		63A65D5512DE91F2D2D1BC1B /* SignInView.swift */ = {isa = PBXFileReference; lastKnownFileType = sourcecode.swift; path = SignInView.swift; sourceTree = "<group>"; };
		65A0DFC5793A9DA8DEE3335E /* GoogleService-Info.plist */ = {isa = PBXFileReference; lastKnownFileType = text.plist; path = "GoogleService-Info.plist"; sourceTree = "<group>"; };
		6F17BD017E319CD6B181876C /* PurchaseManager.swift */ = {isa = PBXFileReference; lastKnownFileType = sourcecode.swift; path = PurchaseManager.swift; sourceTree = "<group>"; };
		73AB21366AA28409EB76A559 /* Fantasia.app */ = {isa = PBXFileReference; includeInIndex = 0; lastKnownFileType = wrapper.application; path = Fantasia.app; sourceTree = BUILT_PRODUCTS_DIR; };
		7D3BAFAAAE60103802F52B33 /* OnboardingFeaturesView.swift */ = {isa = PBXFileReference; lastKnownFileType = sourcecode.swift; path = OnboardingFeaturesView.swift; sourceTree = "<group>"; };
		8A0CDFF7D5E6363BDD71A92A /* ContentView.swift */ = {isa = PBXFileReference; lastKnownFileType = sourcecode.swift; path = ContentView.swift; sourceTree = "<group>"; };
		8CAA9C82EC2A449C5F50F0CD /* PaywallView.swift */ = {isa = PBXFileReference; lastKnownFileType = sourcecode.swift; path = PaywallView.swift; sourceTree = "<group>"; };
		9853E4B33F245F5961DC8563 /* EntitlementLevel.swift */ = {isa = PBXFileReference; lastKnownFileType = sourcecode.swift; path = EntitlementLevel.swift; sourceTree = "<group>"; };
		AD06EBDDED984EC354B17EC5 /* MainTabView.swift */ = {isa = PBXFileReference; lastKnownFileType = sourcecode.swift; path = MainTabView.swift; sourceTree = "<group>"; };
		C0545853EA07D5F8565556FF /* OnboardingVideoView.swift */ = {isa = PBXFileReference; lastKnownFileType = sourcecode.swift; path = OnboardingVideoView.swift; sourceTree = "<group>"; };
		C2752AF2A62657566B211B9B /* SplashView.swift */ = {isa = PBXFileReference; lastKnownFileType = sourcecode.swift; path = SplashView.swift; sourceTree = "<group>"; };
		F85FD0F112C85F88EAD5E3A7 /* APIClient.swift */ = {isa = PBXFileReference; lastKnownFileType = sourcecode.swift; path = APIClient.swift; sourceTree = "<group>"; };
/* End PBXFileReference section */

/* Begin PBXFrameworksBuildPhase section */
		0BA7A9AA216E00B083E79B48 /* Frameworks */ = {
			isa = PBXFrameworksBuildPhase;
			buildActionMask = 2147483647;
			files = (
				58BBC50A32FB46F00A059BB6 /* FirebaseAuth in Frameworks */,
				989874F0945BA7356528F19E /* RevenueCat in Frameworks */,
			);
			runOnlyForDeploymentPostprocessing = 0;
		};
/* End PBXFrameworksBuildPhase section */

/* Begin PBXGroup section */
		13CC4AB7951EED84A3605C02 /* Views */ = {
			isa = PBXGroup;
			children = (
				AD06EBDDED984EC354B17EC5 /* MainTabView.swift */,
				63A65D5512DE91F2D2D1BC1B /* SignInView.swift */,
				C2752AF2A62657566B211B9B /* SplashView.swift */,
				53184DDF5C85560F33C29D1E /* Onboarding */,
				BAA9F733EF9638C0A3B62619 /* Paywall */,
			);
			path = Views;
			sourceTree = "<group>";
		};
		18291AFE74B0A76F2381C9F7 /* Network */ = {
			isa = PBXGroup;
			children = (
				F85FD0F112C85F88EAD5E3A7 /* APIClient.swift */,
			);
			path = Network;
			sourceTree = "<group>";
		};
		53184DDF5C85560F33C29D1E /* Onboarding */ = {
			isa = PBXGroup;
			children = (
				7D3BAFAAAE60103802F52B33 /* OnboardingFeaturesView.swift */,
				C0545853EA07D5F8565556FF /* OnboardingVideoView.swift */,
				2B5077D8688B1538D3C4D849 /* OnboardingView.swift */,
			);
			path = Onboarding;
			sourceTree = "<group>";
		};
		96DEDC2B08262C1BE0B33DE4 = {
			isa = PBXGroup;
			children = (
				AEB226F422F4B0AB19C75850 /* Fantasia */,
				C1DF6D5DA8F4695C0DE8ADB7 /* Products */,
			);
			sourceTree = "<group>";
		};
		99A35D5F4CE9CB83BD2485E1 /* Config */ = {
			isa = PBXGroup;
			children = (
				2D982E3DBBB56BABEB652202 /* AppConfig.swift */,
			);
			path = Config;
			sourceTree = "<group>";
		};
		9AD43FA858F66606AE0A3230 /* Managers */ = {
			isa = PBXGroup;
			children = (
				6F17BD017E319CD6B181876C /* PurchaseManager.swift */,
			);
			path = Managers;
			sourceTree = "<group>";
		};
		AD9775C4F23E94D2318D185A /* Auth */ = {
			isa = PBXGroup;
			children = (
				5BD7E4FAC5CC8CB747642E0C /* AuthManager.swift */,
			);
			path = Auth;
			sourceTree = "<group>";
		};
		AEB226F422F4B0AB19C75850 /* Fantasia */ = {
			isa = PBXGroup;
			children = (
				8A0CDFF7D5E6363BDD71A92A /* ContentView.swift */,
				27960EB90112C73C94A802EC /* FantasiaApp.swift */,
				65A0DFC5793A9DA8DEE3335E /* GoogleService-Info.plist */,
				3DA93D5A4C686554C519842D /* Info.plist */,
				AD9775C4F23E94D2318D185A /* Auth */,
				99A35D5F4CE9CB83BD2485E1 /* Config */,
				C7AFE8FBDBC3A4D5E4E5A485 /* Credits */,
				9AD43FA858F66606AE0A3230 /* Managers */,
				18291AFE74B0A76F2381C9F7 /* Network */,
				13CC4AB7951EED84A3605C02 /* Views */,
			);
			path = Fantasia;
			sourceTree = "<group>";
		};
		BAA9F733EF9638C0A3B62619 /* Paywall */ = {
			isa = PBXGroup;
			children = (
				8CAA9C82EC2A449C5F50F0CD /* PaywallView.swift */,
				6313B0A55581090BEA6B4A13 /* PlanCardView.swift */,
			);
			path = Paywall;
			sourceTree = "<group>";
		};
		C1DF6D5DA8F4695C0DE8ADB7 /* Products */ = {
			isa = PBXGroup;
			children = (
				73AB21366AA28409EB76A559 /* Fantasia.app */,
			);
			name = Products;
			sourceTree = "<group>";
		};
		C7AFE8FBDBC3A4D5E4E5A485 /* Credits */ = {
			isa = PBXGroup;
			children = (
				60D880315248963AAE05C9C2 /* CreditManager.swift */,
				9853E4B33F245F5961DC8563 /* EntitlementLevel.swift */,
			);
			path = Credits;
			sourceTree = "<group>";
		};
/* End PBXGroup section */

/* Begin PBXNativeTarget section */
		69EB605AE68DA044263C0B20 /* Fantasia */ = {
			isa = PBXNativeTarget;
			buildConfigurationList = 5FDE6D73BED1B9B623DF73A2 /* Build configuration list for PBXNativeTarget "Fantasia" */;
			buildPhases = (
				B42B8A454C43C494DEA0F920 /* Sources */,
				5F428DE7BEC1498EA98D3271 /* Resources */,
				0BA7A9AA216E00B083E79B48 /* Frameworks */,
			);
			buildRules = (
			);
			dependencies = (
			);
			name = Fantasia;
			packageProductDependencies = (
				EF9247AFEBA3DE555B9CEA35 /* FirebaseAuth */,
				449957FC49E746A99AC14325 /* RevenueCat */,
			);
			productName = Fantasia;
			productReference = 73AB21366AA28409EB76A559 /* Fantasia.app */;
			productType = "com.apple.product-type.application";
		};
/* End PBXNativeTarget section */

/* Begin PBXProject section */
		CCAD4F3D9AC75FDC06C728E5 /* Project object */ = {
			isa = PBXProject;
			attributes = {
				BuildIndependentTargetsInParallel = YES;
				LastUpgradeCheck = 1500;
				TargetAttributes = {
				};
			};
			buildConfigurationList = 3627511614C8BD9B77F16CD0 /* Build configuration list for PBXProject "Fantasia" */;
			developmentRegion = en;
			hasScannedForEncodings = 0;
			knownRegions = (
				Base,
				en,
			);
			mainGroup = 96DEDC2B08262C1BE0B33DE4;
			minimizedProjectReferenceProxies = 1;
			packageReferences = (
				FB232EB0C1A9536B782E87FB /* XCRemoteSwiftPackageReference "firebase-ios-sdk" */,
				1CE45AE0C3C001334699CA74 /* XCRemoteSwiftPackageReference "purchases-ios" */,
			);
			preferredProjectObjectVersion = 77;
			productRefGroup = C1DF6D5DA8F4695C0DE8ADB7 /* Products */;
			projectDirPath = "";
			projectRoot = "";
			targets = (
				69EB605AE68DA044263C0B20 /* Fantasia */,
			);
		};
/* End PBXProject section */

/* Begin PBXResourcesBuildPhase section */
		5F428DE7BEC1498EA98D3271 /* Resources */ = {
			isa = PBXResourcesBuildPhase;
			buildActionMask = 2147483647;
			files = (
				09D762574E34B0934E137E4B /* GoogleService-Info.plist in Resources */,
			);
			runOnlyForDeploymentPostprocessing = 0;
		};
/* End PBXResourcesBuildPhase section */

/* Begin PBXSourcesBuildPhase section */
		B42B8A454C43C494DEA0F920 /* Sources */ = {
			isa = PBXSourcesBuildPhase;
			buildActionMask = 2147483647;
			files = (
				65FF5377B8122B161E1F8B23 /* APIClient.swift in Sources */,
				B49029739FF08706EA9810E7 /* AppConfig.swift in Sources */,
				56F365A49D67F15CB5AB8308 /* AuthManager.swift in Sources */,
				E0D396BB6619E7630B49C1E2 /* ContentView.swift in Sources */,
				3729BF5D687CF0876974F3FF /* CreditManager.swift in Sources */,
				43B31DB2BD0904565F710E08 /* EntitlementLevel.swift in Sources */,
				34C92730ADAA72393BA942A0 /* FantasiaApp.swift in Sources */,
				85CA86AA8FFD652B733E9213 /* MainTabView.swift in Sources */,
				AABF3AA3BAB73CEDC39DF5FA /* OnboardingFeaturesView.swift in Sources */,
				3258D39B4BF09B8943B0FCA5 /* OnboardingVideoView.swift in Sources */,
				58904F33D07BE199DD02AF7B /* OnboardingView.swift in Sources */,
				2936AC324024CAFC07A04B44 /* PaywallView.swift in Sources */,
				1669FF71F190326F73058C97 /* PlanCardView.swift in Sources */,
				0A2F523ECED9070744A0665C /* PurchaseManager.swift in Sources */,
				D9E82A35EB3D988E52600956 /* SignInView.swift in Sources */,
				D68C30A5ACC054F44E532B0D /* SplashView.swift in Sources */,
			);
			runOnlyForDeploymentPostprocessing = 0;
		};
/* End PBXSourcesBuildPhase section */

/* Begin XCBuildConfiguration section */
		2BD9415CC171054B0E4AF9FB /* Release */ = {
			isa = XCBuildConfiguration;
			buildSettings = {
				ALWAYS_SEARCH_USER_PATHS = NO;
				CLANG_ANALYZER_NONNULL = YES;
				CLANG_ANALYZER_NUMBER_OBJECT_CONVERSION = YES_AGGRESSIVE;
				CLANG_CXX_LANGUAGE_STANDARD = "gnu++14";
				CLANG_CXX_LIBRARY = "libc++";
				CLANG_ENABLE_MODULES = YES;
				CLANG_ENABLE_OBJC_ARC = YES;
				CLANG_ENABLE_OBJC_WEAK = YES;
				CLANG_WARN_BLOCK_CAPTURE_AUTORELEASING = YES;
				CLANG_WARN_BOOL_CONVERSION = YES;
				CLANG_WARN_COMMA = YES;
				CLANG_WARN_CONSTANT_CONVERSION = YES;
				CLANG_WARN_DEPRECATED_OBJC_IMPLEMENTATIONS = YES;
				CLANG_WARN_DIRECT_OBJC_ISA_USAGE = YES_ERROR;
				CLANG_WARN_DOCUMENTATION_COMMENTS = YES;
				CLANG_WARN_EMPTY_BODY = YES;
				CLANG_WARN_ENUM_CONVERSION = YES;
				CLANG_WARN_INFINITE_RECURSION = YES;
				CLANG_WARN_INT_CONVERSION = YES;
				CLANG_WARN_NON_LITERAL_NULL_CONVERSION = YES;
				CLANG_WARN_OBJC_IMPLICIT_RETAIN_SELF = YES;
				CLANG_WARN_OBJC_LITERAL_CONVERSION = YES;
				CLANG_WARN_OBJC_ROOT_CLASS = YES_ERROR;
				CLANG_WARN_QUOTED_INCLUDE_IN_FRAMEWORK_HEADER = YES;
				CLANG_WARN_RANGE_LOOP_ANALYSIS = YES;
				CLANG_WARN_STRICT_PROTOTYPES = YES;
				CLANG_WARN_SUSPICIOUS_MOVE = YES;
				CLANG_WARN_UNGUARDED_AVAILABILITY = YES_AGGRESSIVE;
				CLANG_WARN_UNREACHABLE_CODE = YES;
				CLANG_WARN__DUPLICATE_METHOD_MATCH = YES;
				COPY_PHASE_STRIP = NO;
				DEBUG_INFORMATION_FORMAT = "dwarf-with-dsym";
				ENABLE_NS_ASSERTIONS = NO;
				ENABLE_STRICT_OBJC_MSGSEND = YES;
				GCC_C_LANGUAGE_STANDARD = gnu11;
				GCC_NO_COMMON_BLOCKS = YES;
				GCC_WARN_64_TO_32_BIT_CONVERSION = YES;
				GCC_WARN_ABOUT_RETURN_TYPE = YES_ERROR;
				GCC_WARN_UNDECLARED_SELECTOR = YES;
				GCC_WARN_UNINITIALIZED_AUTOS = YES_AGGRESSIVE;
				GCC_WARN_UNUSED_FUNCTION = YES;
				GCC_WARN_UNUSED_VARIABLE = YES;
				IPHONEOS_DEPLOYMENT_TARGET = 17.0;
				MTL_ENABLE_DEBUG_INFO = NO;
				MTL_FAST_MATH = YES;
				PRODUCT_NAME = "$(TARGET_NAME)";
				SDKROOT = iphoneos;
				SWIFT_COMPILATION_MODE = wholemodule;
				SWIFT_OPTIMIZATION_LEVEL = "-O";
				SWIFT_VERSION = 5.0;
			};
			name = Release;
		};
		393894CAEA7BC7461A2D1AE0 /* Release */ = {
			isa = XCBuildConfiguration;
			buildSettings = {
				ASSETCATALOG_COMPILER_APPICON_NAME = AppIcon;
				CODE_SIGN_IDENTITY = "iPhone Developer";
				CURRENT_PROJECT_VERSION = 1;
				INFOPLIST_FILE = Fantasia/Info.plist;
				IPHONEOS_DEPLOYMENT_TARGET = 17.0;
				LD_RUNPATH_SEARCH_PATHS = (
					"$(inherited)",
					"@executable_path/Frameworks",
				);
				MARKETING_VERSION = 0.0.1;
				PRODUCT_BUNDLE_IDENTIFIER = com.fantasia.app;
				PRODUCT_NAME = Fantasia;
				SDKROOT = iphoneos;
				SWIFT_VERSION = 5.9;
				TARGETED_DEVICE_FAMILY = "1,2";
			};
			name = Release;
		};
		B94B75DBD93A719826B112DB /* Debug */ = {
			isa = XCBuildConfiguration;
			buildSettings = {
				ALWAYS_SEARCH_USER_PATHS = NO;
				CLANG_ANALYZER_NONNULL = YES;
				CLANG_ANALYZER_NUMBER_OBJECT_CONVERSION = YES_AGGRESSIVE;
				CLANG_CXX_LANGUAGE_STANDARD = "gnu++14";
				CLANG_CXX_LIBRARY = "libc++";
				CLANG_ENABLE_MODULES = YES;
				CLANG_ENABLE_OBJC_ARC = YES;
				CLANG_ENABLE_OBJC_WEAK = YES;
				CLANG_WARN_BLOCK_CAPTURE_AUTORELEASING = YES;
				CLANG_WARN_BOOL_CONVERSION = YES;
				CLANG_WARN_COMMA = YES;
				CLANG_WARN_CONSTANT_CONVERSION = YES;
				CLANG_WARN_DEPRECATED_OBJC_IMPLEMENTATIONS = YES;
				CLANG_WARN_DIRECT_OBJC_ISA_USAGE = YES_ERROR;
				CLANG_WARN_DOCUMENTATION_COMMENTS = YES;
				CLANG_WARN_EMPTY_BODY = YES;
				CLANG_WARN_ENUM_CONVERSION = YES;
				CLANG_WARN_INFINITE_RECURSION = YES;
				CLANG_WARN_INT_CONVERSION = YES;
				CLANG_WARN_NON_LITERAL_NULL_CONVERSION = YES;
				CLANG_WARN_OBJC_IMPLICIT_RETAIN_SELF = YES;
				CLANG_WARN_OBJC_LITERAL_CONVERSION = YES;
				CLANG_WARN_OBJC_ROOT_CLASS = YES_ERROR;
				CLANG_WARN_QUOTED_INCLUDE_IN_FRAMEWORK_HEADER = YES;
				CLANG_WARN_RANGE_LOOP_ANALYSIS = YES;
				CLANG_WARN_STRICT_PROTOTYPES = YES;
				CLANG_WARN_SUSPICIOUS_MOVE = YES;
				CLANG_WARN_UNGUARDED_AVAILABILITY = YES_AGGRESSIVE;
				CLANG_WARN_UNREACHABLE_CODE = YES;
				CLANG_WARN__DUPLICATE_METHOD_MATCH = YES;
				COPY_PHASE_STRIP = NO;
				DEBUG_INFORMATION_FORMAT = dwarf;
				ENABLE_STRICT_OBJC_MSGSEND = YES;
				ENABLE_TESTABILITY = YES;
				GCC_C_LANGUAGE_STANDARD = gnu11;
				GCC_DYNAMIC_NO_PIC = NO;
				GCC_NO_COMMON_BLOCKS = YES;
				GCC_OPTIMIZATION_LEVEL = 0;
				GCC_PREPROCESSOR_DEFINITIONS = (
					"$(inherited)",
					"DEBUG=1",
				);
				GCC_WARN_64_TO_32_BIT_CONVERSION = YES;
				GCC_WARN_ABOUT_RETURN_TYPE = YES_ERROR;
				GCC_WARN_UNDECLARED_SELECTOR = YES;
				GCC_WARN_UNINITIALIZED_AUTOS = YES_AGGRESSIVE;
				GCC_WARN_UNUSED_FUNCTION = YES;
				GCC_WARN_UNUSED_VARIABLE = YES;
				IPHONEOS_DEPLOYMENT_TARGET = 17.0;
				MTL_ENABLE_DEBUG_INFO = INCLUDE_SOURCE;
				MTL_FAST_MATH = YES;
				ONLY_ACTIVE_ARCH = YES;
				PRODUCT_NAME = "$(TARGET_NAME)";
				SDKROOT = iphoneos;
				SWIFT_ACTIVE_COMPILATION_CONDITIONS = DEBUG;
				SWIFT_OPTIMIZATION_LEVEL = "-Onone";
				SWIFT_VERSION = 5.0;
			};
			name = Debug;
		};
		F8A14995060C6B3901B3F74B /* Debug */ = {
			isa = XCBuildConfiguration;
			buildSettings = {
				ASSETCATALOG_COMPILER_APPICON_NAME = AppIcon;
				CODE_SIGN_IDENTITY = "iPhone Developer";
				CURRENT_PROJECT_VERSION = 1;
				INFOPLIST_FILE = Fantasia/Info.plist;
				IPHONEOS_DEPLOYMENT_TARGET = 17.0;
				LD_RUNPATH_SEARCH_PATHS = (
					"$(inherited)",
					"@executable_path/Frameworks",
				);
				MARKETING_VERSION = 0.0.1;
				PRODUCT_BUNDLE_IDENTIFIER = com.fantasia.app;
				PRODUCT_NAME = Fantasia;
				SDKROOT = iphoneos;
				SWIFT_VERSION = 5.9;
				TARGETED_DEVICE_FAMILY = "1,2";
			};
			name = Debug;
		};
/* End XCBuildConfiguration section */

/* Begin XCConfigurationList section */
		3627511614C8BD9B77F16CD0 /* Build configuration list for PBXProject "Fantasia" */ = {
			isa = XCConfigurationList;
			buildConfigurations = (
				B94B75DBD93A719826B112DB /* Debug */,
				2BD9415CC171054B0E4AF9FB /* Release */,
			);
			defaultConfigurationIsVisible = 0;
			defaultConfigurationName = Debug;
		};
		5FDE6D73BED1B9B623DF73A2 /* Build configuration list for PBXNativeTarget "Fantasia" */ = {
			isa = XCConfigurationList;
			buildConfigurations = (
				F8A14995060C6B3901B3F74B /* Debug */,
				393894CAEA7BC7461A2D1AE0 /* Release */,
			);
			defaultConfigurationIsVisible = 0;
			defaultConfigurationName = Debug;
		};
/* End XCConfigurationList section */

/* Begin XCRemoteSwiftPackageReference section */
		1CE45AE0C3C001334699CA74 /* XCRemoteSwiftPackageReference "purchases-ios" */ = {
			isa = XCRemoteSwiftPackageReference;
			repositoryURL = "https://github.com/RevenueCat/purchases-ios";
			requirement = {
				kind = upToNextMajorVersion;
				minimumVersion = 5.79.0;
			};
		};
		FB232EB0C1A9536B782E87FB /* XCRemoteSwiftPackageReference "firebase-ios-sdk" */ = {
			isa = XCRemoteSwiftPackageReference;
			repositoryURL = "https://github.com/firebase/firebase-ios-sdk";
			requirement = {
				kind = upToNextMajorVersion;
				minimumVersion = 11.0.0;
			};
		};
/* End XCRemoteSwiftPackageReference section */

/* Begin XCSwiftPackageProductDependency section */
		449957FC49E746A99AC14325 /* RevenueCat */ = {
			isa = XCSwiftPackageProductDependency;
			package = 1CE45AE0C3C001334699CA74 /* XCRemoteSwiftPackageReference "purchases-ios" */;
			productName = RevenueCat;
		};
		EF9247AFEBA3DE555B9CEA35 /* FirebaseAuth */ = {
			isa = XCSwiftPackageProductDependency;
			package = FB232EB0C1A9536B782E87FB /* XCRemoteSwiftPackageReference "firebase-ios-sdk" */;
			productName = FirebaseAuth;
		};
/* End XCSwiftPackageProductDependency section */
	};
	rootObject = CCAD4F3D9AC75FDC06C728E5 /* Project object */;
}
