// !$*UTF8*$!
{
	archiveVersion = 1;
	classes = {
	};
	objectVersion = 77;
	objects = {

/* Begin PBXBuildFile section */
		03DE4BE9123D30D92B6D6A4C /* Assets.xcassets in Resources */ = {isa = PBXBuildFile; fileRef = 71907E2C4814D307EE0AADF4 /* Assets.xcassets */; };
		09A51445466B4091D2D272B3 /* OnboardingQuestion.swift in Sources */ = {isa = PBXBuildFile; fileRef = CE4A20B7195BE96373D799C9 /* OnboardingQuestion.swift */; };
		09D762574E34B0934E137E4B /* GoogleService-Info.plist in Resources */ = {isa = PBXBuildFile; fileRef = 65A0DFC5793A9DA8DEE3335E /* GoogleService-Info.plist */; };
		0A2F523ECED9070744A0665C /* PurchaseManager.swift in Sources */ = {isa = PBXBuildFile; fileRef = 6F17BD017E319CD6B181876C /* PurchaseManager.swift */; };
		14C33C25B4E446F40F55E0F3 /* SocialSignInButton.swift in Sources */ = {isa = PBXBuildFile; fileRef = BB17EB669A20752389935966 /* SocialSignInButton.swift */; };
		1562160C4DBB10894DE25FB1 /* OnboardingQuestionBankTests.swift in Sources */ = {isa = PBXBuildFile; fileRef = D1D4AB707B12A710B0DAD119 /* OnboardingQuestionBankTests.swift */; };
		1669FF71F190326F73058C97 /* PlanCardView.swift in Sources */ = {isa = PBXBuildFile; fileRef = 6313B0A55581090BEA6B4A13 /* PlanCardView.swift */; };
		17422C8DCDE8B4EAF6E6DADA /* GenerationCardView.swift in Sources */ = {isa = PBXBuildFile; fileRef = FF98D41F7BDC89D993199016 /* GenerationCardView.swift */; };
		18F347EAB3D07C4ACAB89528 /* GenerationDetailSheet.swift in Sources */ = {isa = PBXBuildFile; fileRef = 54CAFBEB1496643221212D8F /* GenerationDetailSheet.swift */; };
		1C13DB6E3379720ACD260B16 /* FeedView.swift in Sources */ = {isa = PBXBuildFile; fileRef = AA9325B3ED5B04712AB19C26 /* FeedView.swift */; };
		1C992AA667BC7F43BF6A54C0 /* HomeView.swift in Sources */ = {isa = PBXBuildFile; fileRef = 0226A3C8D078EB4BB18B608E /* HomeView.swift */; };
		2234D1252AC365C122FD0D0D /* AppReview.swift in Sources */ = {isa = PBXBuildFile; fileRef = 717CD558C67E62B28DC71D97 /* AppReview.swift */; };
		23577959873A72580EBEACD8 /* HighlightingTextView.swift in Sources */ = {isa = PBXBuildFile; fileRef = 6CADE304C9B50E97EED46BA1 /* HighlightingTextView.swift */; };
		25CE5F74CC04C939F2066EF2 /* BubblePickerView.swift in Sources */ = {isa = PBXBuildFile; fileRef = E1AF13629D571EF8D48B749B /* BubblePickerView.swift */; };
		2936AC324024CAFC07A04B44 /* PaywallView.swift in Sources */ = {isa = PBXBuildFile; fileRef = 8CAA9C82EC2A449C5F50F0CD /* PaywallView.swift */; };
		2B37491440F3B799AC6DB3FC /* GoogleSignInSwift in Frameworks */ = {isa = PBXBuildFile; productRef = 7137D3DC45A60C75C3109168 /* GoogleSignInSwift */; };
		2D68F00878203FF45BFE152D /* PresetTileView.swift in Sources */ = {isa = PBXBuildFile; fileRef = 237303656EFC3D6EFF8E850F /* PresetTileView.swift */; };
		2DBDB72DBEFE96C2A467E888 /* VideoCache.swift in Sources */ = {isa = PBXBuildFile; fileRef = 45464ECF7BB6E5D7F0FCB0A6 /* VideoCache.swift */; };
		32104E944D1A0E14E9D90D02 /* CircularCreditIndicator.swift in Sources */ = {isa = PBXBuildFile; fileRef = 9A6EF873F72A0E921645CE75 /* CircularCreditIndicator.swift */; };
		3258D39B4BF09B8943B0FCA5 /* OnboardingVideoView.swift in Sources */ = {isa = PBXBuildFile; fileRef = C0545853EA07D5F8565556FF /* OnboardingVideoView.swift */; };
		34C92730ADAA72393BA942A0 /* FantasiaApp.swift in Sources */ = {isa = PBXBuildFile; fileRef = 27960EB90112C73C94A802EC /* FantasiaApp.swift */; };
		353E782F3022A63807F459DE /* PressableButtonStyle.swift in Sources */ = {isa = PBXBuildFile; fileRef = B6F014871EA8B9875D754906 /* PressableButtonStyle.swift */; };
		35FD5AAB7D6E926B27883A1A /* MediaPrepService.swift in Sources */ = {isa = PBXBuildFile; fileRef = D20DDB7630607116A21D7693 /* MediaPrepService.swift */; };
		3729BF5D687CF0876974F3FF /* CreditManager.swift in Sources */ = {isa = PBXBuildFile; fileRef = 60D880315248963AAE05C9C2 /* CreditManager.swift */; };
		382D5A0AAEB4E7CF7B87CD65 /* GoogleSignIn in Frameworks */ = {isa = PBXBuildFile; productRef = 134AEB4B90258A717279F950 /* GoogleSignIn */; };
		3CB8B7981D22B914A0AB0E26 /* SideDrawerView.swift in Sources */ = {isa = PBXBuildFile; fileRef = ACCB6A3EF8F44442A1657016 /* SideDrawerView.swift */; };
		404B057D9B2E3C1CFCBB9B4A /* TransparentFullScreenBackground.swift in Sources */ = {isa = PBXBuildFile; fileRef = EA736381FE914D7303D5DE5E /* TransparentFullScreenBackground.swift */; };
		43B31DB2BD0904565F710E08 /* EntitlementLevel.swift in Sources */ = {isa = PBXBuildFile; fileRef = 9853E4B33F245F5961DC8563 /* EntitlementLevel.swift */; };
		49D6A39D8DAD04C18910877C /* FullScreenVideoPlayerView.swift in Sources */ = {isa = PBXBuildFile; fileRef = F47731F0C32B093108B94427 /* FullScreenVideoPlayerView.swift */; };
		4C378660EC485D05594F9CA1 /* LibraryView.swift in Sources */ = {isa = PBXBuildFile; fileRef = E8ED7EF91ED015C15B87CF59 /* LibraryView.swift */; };
		56F365A49D67F15CB5AB8308 /* AuthManager.swift in Sources */ = {isa = PBXBuildFile; fileRef = 5BD7E4FAC5CC8CB747642E0C /* AuthManager.swift */; };
		58904F33D07BE199DD02AF7B /* OnboardingView.swift in Sources */ = {isa = PBXBuildFile; fileRef = 2B5077D8688B1538D3C4D849 /* OnboardingView.swift */; };
		58BBC50A32FB46F00A059BB6 /* FirebaseAuth in Frameworks */ = {isa = PBXBuildFile; productRef = EF9247AFEBA3DE555B9CEA35 /* FirebaseAuth */; };
		5E26753D3D8EDEE23AEC71B9 /* PresetInputSheet.swift in Sources */ = {isa = PBXBuildFile; fileRef = 1A2DBF0E0597B3104F5FEC86 /* PresetInputSheet.swift */; };
		65FF5377B8122B161E1F8B23 /* APIClient.swift in Sources */ = {isa = PBXBuildFile; fileRef = F85FD0F112C85F88EAD5E3A7 /* APIClient.swift */; };
		668D558BEDC75E6CCDD3F553 /* SignUpView.swift in Sources */ = {isa = PBXBuildFile; fileRef = 2F87E75370CA3504E80E2E52 /* SignUpView.swift */; };
		67EC63A23BC782891B037701 /* ManageSubscriptionView.swift in Sources */ = {isa = PBXBuildFile; fileRef = 918EF20B16E3D634C91E9668 /* ManageSubscriptionView.swift */; };
		6B7B16C6F9B231A89B52A6F8 /* onboarding-sample.mp4 in Resources */ = {isa = PBXBuildFile; fileRef = 140F93AD2C9DA08A3241C3DC /* onboarding-sample.mp4 */; };
		6F591961CA61AAD504DD53CF /* CheckInboxView.swift in Sources */ = {isa = PBXBuildFile; fileRef = 36EC4AF5B53AC10A99D47267 /* CheckInboxView.swift */; };
		7C6DCB2D7E143459E39D77B5 /* FullScreenImageView.swift in Sources */ = {isa = PBXBuildFile; fileRef = 67E710D93903D4F18F9ED05D /* FullScreenImageView.swift */; };
		7DAA15400D90A9B0A0FB0C6F /* GlassTextField.swift in Sources */ = {isa = PBXBuildFile; fileRef = BD7F4652AE34C76E2B3A7C74 /* GlassTextField.swift */; };
		800A992332E0D1E793C4BA8A /* CreateGenerationView.swift in Sources */ = {isa = PBXBuildFile; fileRef = 97B964B9E5B6C4E86DE99F91 /* CreateGenerationView.swift */; };
		80F186C893BEAC38CD5430DC /* ListSnapshotStore.swift in Sources */ = {isa = PBXBuildFile; fileRef = CB3D6B0358D3CBC11D8A73E1 /* ListSnapshotStore.swift */; };
		853EE388913AAC155DAD230F /* ThemeManager.swift in Sources */ = {isa = PBXBuildFile; fileRef = 76D50E6F16247DF7BE7CE91E /* ThemeManager.swift */; };
		85CA86AA8FFD652B733E9213 /* MainTabView.swift in Sources */ = {isa = PBXBuildFile; fileRef = AD06EBDDED984EC354B17EC5 /* MainTabView.swift */; };
		88D883F41FD2A11825631F90 /* NameAsReferenceAlertModifier.swift in Sources */ = {isa = PBXBuildFile; fileRef = 89DADBF436850B0317557514 /* NameAsReferenceAlertModifier.swift */; };
		989874F0945BA7356528F19E /* RevenueCat in Frameworks */ = {isa = PBXBuildFile; productRef = 449957FC49E746A99AC14325 /* RevenueCat */; };
		9CBE3B9FE3090E3EB4DBFE1C /* CameraPicker.swift in Sources */ = {isa = PBXBuildFile; fileRef = 93666B740F1CC44A352A2920 /* CameraPicker.swift */; };
		9EADCAA67965C05E1F7EB3E5 /* PushNotificationManager.swift in Sources */ = {isa = PBXBuildFile; fileRef = BFE46B720B299E8E732C4EA9 /* PushNotificationManager.swift */; };
		A095F5D76111A4BB10B021A7 /* KeyboardWarmer.swift in Sources */ = {isa = PBXBuildFile; fileRef = 32FA7D103105D0F66A50D38C /* KeyboardWarmer.swift */; };
		AA5B5DFFE899799050F6619F /* OnboardingFeatureSlideView.swift in Sources */ = {isa = PBXBuildFile; fileRef = CED4282A9D0FC2042286F4D0 /* OnboardingFeatureSlideView.swift */; };
		AABF3AA3BAB73CEDC39DF5FA /* OnboardingFeaturesView.swift in Sources */ = {isa = PBXBuildFile; fileRef = 7D3BAFAAAE60103802F52B33 /* OnboardingFeaturesView.swift */; };
		ABB54C63E460F8B91648880B /* CreditStoreView.swift in Sources */ = {isa = PBXBuildFile; fileRef = E800BB75E6A7C706622D1CB0 /* CreditStoreView.swift */; };
		B0590E6407C84CD84A28E8F8 /* GenerationManager.swift in Sources */ = {isa = PBXBuildFile; fileRef = C297099F54ADF39EB8703661 /* GenerationManager.swift */; };
		B17FF15D5D571DEAB54D0EB7 /* LaunchScreen.storyboard in Resources */ = {isa = PBXBuildFile; fileRef = 98728630D43E57BFF19C909E /* LaunchScreen.storyboard */; };
		B181A2F03B20C67EC33045BE /* KeyboardHeightReader.swift in Sources */ = {isa = PBXBuildFile; fileRef = AB1C6A280163238E4A8CF83F /* KeyboardHeightReader.swift */; };
		B49029739FF08706EA9810E7 /* AppConfig.swift in Sources */ = {isa = PBXBuildFile; fileRef = 2D982E3DBBB56BABEB652202 /* AppConfig.swift */; };
		B622ACBB68150822FA0175A8 /* PlanCatalog.swift in Sources */ = {isa = PBXBuildFile; fileRef = 79385464051C4A0AD6E66F28 /* PlanCatalog.swift */; };
		B8BF8DA5F9DA655818EDEFE8 /* MediaLibraryManager.swift in Sources */ = {isa = PBXBuildFile; fileRef = D1B0199A6781BA20AA574F8E /* MediaLibraryManager.swift */; };
		BCC4CF3583585BC660A132BB /* OfferingsManager.swift in Sources */ = {isa = PBXBuildFile; fileRef = 4AA7FE65A0F6F3C578F44B03 /* OfferingsManager.swift */; };
		BDF570EB3BF6C429ECD7E7F1 /* GenerationOptionsPanel.swift in Sources */ = {isa = PBXBuildFile; fileRef = F2D2823CAA0AD0C9A75CBC49 /* GenerationOptionsPanel.swift */; };
		C13DE69B70EBD480C723B43F /* ThumbnailCache.swift in Sources */ = {isa = PBXBuildFile; fileRef = CDCEBE956B3FB9187BF83EE4 /* ThumbnailCache.swift */; };
		C2B359997B2C9829C6BB635F /* ScrollFriendlyContextMenu.swift in Sources */ = {isa = PBXBuildFile; fileRef = 2A200AB6D9DBBC0500F05205 /* ScrollFriendlyContextMenu.swift */; };
		C2DC853F0FAFD1A9D4CD22D7 /* presets.json in Resources */ = {isa = PBXBuildFile; fileRef = AFB7654B0746207F617ED9A4 /* presets.json */; };
		CEF62DAE8702AA91759CCB21 /* LibraryThumbnailView.swift in Sources */ = {isa = PBXBuildFile; fileRef = 5DC467B352929E669F55A9BF /* LibraryThumbnailView.swift */; };
		D159637964125A3A1F0361EC /* GenerationDetailPagerView.swift in Sources */ = {isa = PBXBuildFile; fileRef = D14394B580AF055B8F4BDF02 /* GenerationDetailPagerView.swift */; };
		D5B57AF6D5862CDBAA8414E8 /* LoopPlayerPool.swift in Sources */ = {isa = PBXBuildFile; fileRef = B96DAC085464091A33CE3D79 /* LoopPlayerPool.swift */; };
		D68C30A5ACC054F44E532B0D /* SplashView.swift in Sources */ = {isa = PBXBuildFile; fileRef = C2752AF2A62657566B211B9B /* SplashView.swift */; };
		D9372B8A631BBC6C9CEFE70A /* ActivityViewController.swift in Sources */ = {isa = PBXBuildFile; fileRef = 901A7F56B670204A64832BCF /* ActivityViewController.swift */; };
		D9E82A35EB3D988E52600956 /* SignInView.swift in Sources */ = {isa = PBXBuildFile; fileRef = 63A65D5512DE91F2D2D1BC1B /* SignInView.swift */; };
		DDA4D9EF675EB93881F921B8 /* ZoomPanScrollView.swift in Sources */ = {isa = PBXBuildFile; fileRef = 42C0949F568AD6AB3810C1C3 /* ZoomPanScrollView.swift */; };
		DDBEE25E908DF1E2574D83E5 /* RatesManager.swift in Sources */ = {isa = PBXBuildFile; fileRef = 085B4D75DB663F0A8A93228C /* RatesManager.swift */; };
		E0D396BB6619E7630B49C1E2 /* ContentView.swift in Sources */ = {isa = PBXBuildFile; fileRef = 8A0CDFF7D5E6363BDD71A92A /* ContentView.swift */; };
		E3E16AFC8FAB266C77E5E920 /* GenerateView.swift in Sources */ = {isa = PBXBuildFile; fileRef = 68544EFABAD6EC84426B2794 /* GenerateView.swift */; };
		EBE3BD23343938B199C4054C /* GenerationItem.swift in Sources */ = {isa = PBXBuildFile; fileRef = A63EB005F89BF6BD6E2D5D5C /* GenerationItem.swift */; };
		EE78B0416EB6685D788B8894 /* ProfileCreditSheet.swift in Sources */ = {isa = PBXBuildFile; fileRef = E0373383B154A82D02C1939C /* ProfileCreditSheet.swift */; };
		EF827A848CA3924A8BCF21BC /* Preset.swift in Sources */ = {isa = PBXBuildFile; fileRef = 9F82A13068AFCD7F664A93D4 /* Preset.swift */; };
		F6D9428EC7AAB60569B93E95 /* DrawerManager.swift in Sources */ = {isa = PBXBuildFile; fileRef = 677EDD477B29B62723B6D417 /* DrawerManager.swift */; };
		F7C96691B1CCB91D591E56E6 /* PresetRegistryManager.swift in Sources */ = {isa = PBXBuildFile; fileRef = FE36B0056A0142DCBCDA131E /* PresetRegistryManager.swift */; };
/* End PBXBuildFile section */

/* Begin PBXContainerItemProxy section */
		0C2BD33DBAE37EC5B07D5AD4 /* PBXContainerItemProxy */ = {
			isa = PBXContainerItemProxy;
			containerPortal = CCAD4F3D9AC75FDC06C728E5 /* Project object */;
			proxyType = 1;
			remoteGlobalIDString = 69EB605AE68DA044263C0B20;
			remoteInfo = Fantasia;
		};
/* End PBXContainerItemProxy section */

/* Begin PBXFileReference section */
		0226A3C8D078EB4BB18B608E /* HomeView.swift */ = {isa = PBXFileReference; lastKnownFileType = sourcecode.swift; path = HomeView.swift; sourceTree = "<group>"; };
		085B4D75DB663F0A8A93228C /* RatesManager.swift */ = {isa = PBXFileReference; lastKnownFileType = sourcecode.swift; path = RatesManager.swift; sourceTree = "<group>"; };
		140F93AD2C9DA08A3241C3DC /* onboarding-sample.mp4 */ = {isa = PBXFileReference; lastKnownFileType = file; path = "onboarding-sample.mp4"; sourceTree = "<group>"; };
		1A2DBF0E0597B3104F5FEC86 /* PresetInputSheet.swift */ = {isa = PBXFileReference; lastKnownFileType = sourcecode.swift; path = PresetInputSheet.swift; sourceTree = "<group>"; };
		237303656EFC3D6EFF8E850F /* PresetTileView.swift */ = {isa = PBXFileReference; lastKnownFileType = sourcecode.swift; path = PresetTileView.swift; sourceTree = "<group>"; };
		27960EB90112C73C94A802EC /* FantasiaApp.swift */ = {isa = PBXFileReference; lastKnownFileType = sourcecode.swift; path = FantasiaApp.swift; sourceTree = "<group>"; };
		2A200AB6D9DBBC0500F05205 /* ScrollFriendlyContextMenu.swift */ = {isa = PBXFileReference; lastKnownFileType = sourcecode.swift; path = ScrollFriendlyContextMenu.swift; sourceTree = "<group>"; };
		2B5077D8688B1538D3C4D849 /* OnboardingView.swift */ = {isa = PBXFileReference; lastKnownFileType = sourcecode.swift; path = OnboardingView.swift; sourceTree = "<group>"; };
		2D982E3DBBB56BABEB652202 /* AppConfig.swift */ = {isa = PBXFileReference; lastKnownFileType = sourcecode.swift; path = AppConfig.swift; sourceTree = "<group>"; };
		2F87E75370CA3504E80E2E52 /* SignUpView.swift */ = {isa = PBXFileReference; lastKnownFileType = sourcecode.swift; path = SignUpView.swift; sourceTree = "<group>"; };
		32FA7D103105D0F66A50D38C /* KeyboardWarmer.swift */ = {isa = PBXFileReference; lastKnownFileType = sourcecode.swift; path = KeyboardWarmer.swift; sourceTree = "<group>"; };
		36EC4AF5B53AC10A99D47267 /* CheckInboxView.swift */ = {isa = PBXFileReference; lastKnownFileType = sourcecode.swift; path = CheckInboxView.swift; sourceTree = "<group>"; };
		3DA93D5A4C686554C519842D /* Info.plist */ = {isa = PBXFileReference; lastKnownFileType = text.plist; path = Info.plist; sourceTree = "<group>"; };
		42C0949F568AD6AB3810C1C3 /* ZoomPanScrollView.swift */ = {isa = PBXFileReference; lastKnownFileType = sourcecode.swift; path = ZoomPanScrollView.swift; sourceTree = "<group>"; };
		45464ECF7BB6E5D7F0FCB0A6 /* VideoCache.swift */ = {isa = PBXFileReference; lastKnownFileType = sourcecode.swift; path = VideoCache.swift; sourceTree = "<group>"; };
		4AA7FE65A0F6F3C578F44B03 /* OfferingsManager.swift */ = {isa = PBXFileReference; lastKnownFileType = sourcecode.swift; path = OfferingsManager.swift; sourceTree = "<group>"; };
		54CAFBEB1496643221212D8F /* GenerationDetailSheet.swift */ = {isa = PBXFileReference; lastKnownFileType = sourcecode.swift; path = GenerationDetailSheet.swift; sourceTree = "<group>"; };
		59E4FE5DF35EF32FE7883309 /* FantasiaTests.xctest */ = {isa = PBXFileReference; includeInIndex = 0; lastKnownFileType = wrapper.cfbundle; path = FantasiaTests.xctest; sourceTree = BUILT_PRODUCTS_DIR; };
		5BD7E4FAC5CC8CB747642E0C /* AuthManager.swift */ = {isa = PBXFileReference; lastKnownFileType = sourcecode.swift; path = AuthManager.swift; sourceTree = "<group>"; };
		5DC467B352929E669F55A9BF /* LibraryThumbnailView.swift */ = {isa = PBXFileReference; lastKnownFileType = sourcecode.swift; path = LibraryThumbnailView.swift; sourceTree = "<group>"; };
		60D880315248963AAE05C9C2 /* CreditManager.swift */ = {isa = PBXFileReference; lastKnownFileType = sourcecode.swift; path = CreditManager.swift; sourceTree = "<group>"; };
		6313B0A55581090BEA6B4A13 /* PlanCardView.swift */ = {isa = PBXFileReference; lastKnownFileType = sourcecode.swift; path = PlanCardView.swift; sourceTree = "<group>"; };
		63A65D5512DE91F2D2D1BC1B /* SignInView.swift */ = {isa = PBXFileReference; lastKnownFileType = sourcecode.swift; path = SignInView.swift; sourceTree = "<group>"; };
		65A0DFC5793A9DA8DEE3335E /* GoogleService-Info.plist */ = {isa = PBXFileReference; lastKnownFileType = text.plist; path = "GoogleService-Info.plist"; sourceTree = "<group>"; };
		677EDD477B29B62723B6D417 /* DrawerManager.swift */ = {isa = PBXFileReference; lastKnownFileType = sourcecode.swift; path = DrawerManager.swift; sourceTree = "<group>"; };
		67E710D93903D4F18F9ED05D /* FullScreenImageView.swift */ = {isa = PBXFileReference; lastKnownFileType = sourcecode.swift; path = FullScreenImageView.swift; sourceTree = "<group>"; };
		68544EFABAD6EC84426B2794 /* GenerateView.swift */ = {isa = PBXFileReference; lastKnownFileType = sourcecode.swift; path = GenerateView.swift; sourceTree = "<group>"; };
		6CADE304C9B50E97EED46BA1 /* HighlightingTextView.swift */ = {isa = PBXFileReference; lastKnownFileType = sourcecode.swift; path = HighlightingTextView.swift; sourceTree = "<group>"; };
		6F17BD017E319CD6B181876C /* PurchaseManager.swift */ = {isa = PBXFileReference; lastKnownFileType = sourcecode.swift; path = PurchaseManager.swift; sourceTree = "<group>"; };
		717CD558C67E62B28DC71D97 /* AppReview.swift */ = {isa = PBXFileReference; lastKnownFileType = sourcecode.swift; path = AppReview.swift; sourceTree = "<group>"; };
		71907E2C4814D307EE0AADF4 /* Assets.xcassets */ = {isa = PBXFileReference; lastKnownFileType = folder.assetcatalog; path = Assets.xcassets; sourceTree = "<group>"; };
		739201A04305B948BFA7474D /* Fantasia.entitlements */ = {isa = PBXFileReference; lastKnownFileType = text.plist.entitlements; path = Fantasia.entitlements; sourceTree = "<group>"; };
		73AB21366AA28409EB76A559 /* Fantasia.app */ = {isa = PBXFileReference; explicitFileType = wrapper.application; includeInIndex = 0; path = Fantasia.app; sourceTree = BUILT_PRODUCTS_DIR; };
		76D50E6F16247DF7BE7CE91E /* ThemeManager.swift */ = {isa = PBXFileReference; lastKnownFileType = sourcecode.swift; path = ThemeManager.swift; sourceTree = "<group>"; };
		79385464051C4A0AD6E66F28 /* PlanCatalog.swift */ = {isa = PBXFileReference; lastKnownFileType = sourcecode.swift; path = PlanCatalog.swift; sourceTree = "<group>"; };
		7D3BAFAAAE60103802F52B33 /* OnboardingFeaturesView.swift */ = {isa = PBXFileReference; lastKnownFileType = sourcecode.swift; path = OnboardingFeaturesView.swift; sourceTree = "<group>"; };
		89DADBF436850B0317557514 /* NameAsReferenceAlertModifier.swift */ = {isa = PBXFileReference; lastKnownFileType = sourcecode.swift; path = NameAsReferenceAlertModifier.swift; sourceTree = "<group>"; };
		8A0CDFF7D5E6363BDD71A92A /* ContentView.swift */ = {isa = PBXFileReference; lastKnownFileType = sourcecode.swift; path = ContentView.swift; sourceTree = "<group>"; };
		8CAA9C82EC2A449C5F50F0CD /* PaywallView.swift */ = {isa = PBXFileReference; lastKnownFileType = sourcecode.swift; path = PaywallView.swift; sourceTree = "<group>"; };
		901A7F56B670204A64832BCF /* ActivityViewController.swift */ = {isa = PBXFileReference; lastKnownFileType = sourcecode.swift; path = ActivityViewController.swift; sourceTree = "<group>"; };
		918EF20B16E3D634C91E9668 /* ManageSubscriptionView.swift */ = {isa = PBXFileReference; lastKnownFileType = sourcecode.swift; path = ManageSubscriptionView.swift; sourceTree = "<group>"; };
		93666B740F1CC44A352A2920 /* CameraPicker.swift */ = {isa = PBXFileReference; lastKnownFileType = sourcecode.swift; path = CameraPicker.swift; sourceTree = "<group>"; };
		97B964B9E5B6C4E86DE99F91 /* CreateGenerationView.swift */ = {isa = PBXFileReference; lastKnownFileType = sourcecode.swift; path = CreateGenerationView.swift; sourceTree = "<group>"; };
		9853E4B33F245F5961DC8563 /* EntitlementLevel.swift */ = {isa = PBXFileReference; lastKnownFileType = sourcecode.swift; path = EntitlementLevel.swift; sourceTree = "<group>"; };
		98728630D43E57BFF19C909E /* LaunchScreen.storyboard */ = {isa = PBXFileReference; lastKnownFileType = file.storyboard; path = LaunchScreen.storyboard; sourceTree = "<group>"; };
		9A6EF873F72A0E921645CE75 /* CircularCreditIndicator.swift */ = {isa = PBXFileReference; lastKnownFileType = sourcecode.swift; path = CircularCreditIndicator.swift; sourceTree = "<group>"; };
		9F82A13068AFCD7F664A93D4 /* Preset.swift */ = {isa = PBXFileReference; lastKnownFileType = sourcecode.swift; path = Preset.swift; sourceTree = "<group>"; };
		A63EB005F89BF6BD6E2D5D5C /* GenerationItem.swift */ = {isa = PBXFileReference; lastKnownFileType = sourcecode.swift; path = GenerationItem.swift; sourceTree = "<group>"; };
		AA9325B3ED5B04712AB19C26 /* FeedView.swift */ = {isa = PBXFileReference; lastKnownFileType = sourcecode.swift; path = FeedView.swift; sourceTree = "<group>"; };
		AB1C6A280163238E4A8CF83F /* KeyboardHeightReader.swift */ = {isa = PBXFileReference; lastKnownFileType = sourcecode.swift; path = KeyboardHeightReader.swift; sourceTree = "<group>"; };
		ACCB6A3EF8F44442A1657016 /* SideDrawerView.swift */ = {isa = PBXFileReference; lastKnownFileType = sourcecode.swift; path = SideDrawerView.swift; sourceTree = "<group>"; };
		AD06EBDDED984EC354B17EC5 /* MainTabView.swift */ = {isa = PBXFileReference; lastKnownFileType = sourcecode.swift; path = MainTabView.swift; sourceTree = "<group>"; };
		AFB7654B0746207F617ED9A4 /* presets.json */ = {isa = PBXFileReference; lastKnownFileType = text.json; path = presets.json; sourceTree = "<group>"; };
		B6F014871EA8B9875D754906 /* PressableButtonStyle.swift */ = {isa = PBXFileReference; lastKnownFileType = sourcecode.swift; path = PressableButtonStyle.swift; sourceTree = "<group>"; };
		B96DAC085464091A33CE3D79 /* LoopPlayerPool.swift */ = {isa = PBXFileReference; lastKnownFileType = sourcecode.swift; path = LoopPlayerPool.swift; sourceTree = "<group>"; };
		BB17EB669A20752389935966 /* SocialSignInButton.swift */ = {isa = PBXFileReference; lastKnownFileType = sourcecode.swift; path = SocialSignInButton.swift; sourceTree = "<group>"; };
		BD7F4652AE34C76E2B3A7C74 /* GlassTextField.swift */ = {isa = PBXFileReference; lastKnownFileType = sourcecode.swift; path = GlassTextField.swift; sourceTree = "<group>"; };
		BFE46B720B299E8E732C4EA9 /* PushNotificationManager.swift */ = {isa = PBXFileReference; lastKnownFileType = sourcecode.swift; path = PushNotificationManager.swift; sourceTree = "<group>"; };
		C0545853EA07D5F8565556FF /* OnboardingVideoView.swift */ = {isa = PBXFileReference; lastKnownFileType = sourcecode.swift; path = OnboardingVideoView.swift; sourceTree = "<group>"; };
		C2752AF2A62657566B211B9B /* SplashView.swift */ = {isa = PBXFileReference; lastKnownFileType = sourcecode.swift; path = SplashView.swift; sourceTree = "<group>"; };
		C297099F54ADF39EB8703661 /* GenerationManager.swift */ = {isa = PBXFileReference; lastKnownFileType = sourcecode.swift; path = GenerationManager.swift; sourceTree = "<group>"; };
		CB3D6B0358D3CBC11D8A73E1 /* ListSnapshotStore.swift */ = {isa = PBXFileReference; lastKnownFileType = sourcecode.swift; path = ListSnapshotStore.swift; sourceTree = "<group>"; };
		CDCEBE956B3FB9187BF83EE4 /* ThumbnailCache.swift */ = {isa = PBXFileReference; lastKnownFileType = sourcecode.swift; path = ThumbnailCache.swift; sourceTree = "<group>"; };
		CE4A20B7195BE96373D799C9 /* OnboardingQuestion.swift */ = {isa = PBXFileReference; lastKnownFileType = sourcecode.swift; path = OnboardingQuestion.swift; sourceTree = "<group>"; };
		CED4282A9D0FC2042286F4D0 /* OnboardingFeatureSlideView.swift */ = {isa = PBXFileReference; lastKnownFileType = sourcecode.swift; path = OnboardingFeatureSlideView.swift; sourceTree = "<group>"; };
		D14394B580AF055B8F4BDF02 /* GenerationDetailPagerView.swift */ = {isa = PBXFileReference; lastKnownFileType = sourcecode.swift; path = GenerationDetailPagerView.swift; sourceTree = "<group>"; };
		D1B0199A6781BA20AA574F8E /* MediaLibraryManager.swift */ = {isa = PBXFileReference; lastKnownFileType = sourcecode.swift; path = MediaLibraryManager.swift; sourceTree = "<group>"; };
		D1D4AB707B12A710B0DAD119 /* OnboardingQuestionBankTests.swift */ = {isa = PBXFileReference; lastKnownFileType = sourcecode.swift; path = OnboardingQuestionBankTests.swift; sourceTree = "<group>"; };
		D20DDB7630607116A21D7693 /* MediaPrepService.swift */ = {isa = PBXFileReference; lastKnownFileType = sourcecode.swift; path = MediaPrepService.swift; sourceTree = "<group>"; };
		E0373383B154A82D02C1939C /* ProfileCreditSheet.swift */ = {isa = PBXFileReference; lastKnownFileType = sourcecode.swift; path = ProfileCreditSheet.swift; sourceTree = "<group>"; };
		E1AF13629D571EF8D48B749B /* BubblePickerView.swift */ = {isa = PBXFileReference; lastKnownFileType = sourcecode.swift; path = BubblePickerView.swift; sourceTree = "<group>"; };
		E800BB75E6A7C706622D1CB0 /* CreditStoreView.swift */ = {isa = PBXFileReference; lastKnownFileType = sourcecode.swift; path = CreditStoreView.swift; sourceTree = "<group>"; };
		E8ED7EF91ED015C15B87CF59 /* LibraryView.swift */ = {isa = PBXFileReference; lastKnownFileType = sourcecode.swift; path = LibraryView.swift; sourceTree = "<group>"; };
		EA736381FE914D7303D5DE5E /* TransparentFullScreenBackground.swift */ = {isa = PBXFileReference; lastKnownFileType = sourcecode.swift; path = TransparentFullScreenBackground.swift; sourceTree = "<group>"; };
		F2D2823CAA0AD0C9A75CBC49 /* GenerationOptionsPanel.swift */ = {isa = PBXFileReference; lastKnownFileType = sourcecode.swift; path = GenerationOptionsPanel.swift; sourceTree = "<group>"; };
		F47731F0C32B093108B94427 /* FullScreenVideoPlayerView.swift */ = {isa = PBXFileReference; lastKnownFileType = sourcecode.swift; path = FullScreenVideoPlayerView.swift; sourceTree = "<group>"; };
		F85FD0F112C85F88EAD5E3A7 /* APIClient.swift */ = {isa = PBXFileReference; lastKnownFileType = sourcecode.swift; path = APIClient.swift; sourceTree = "<group>"; };
		FE36B0056A0142DCBCDA131E /* PresetRegistryManager.swift */ = {isa = PBXFileReference; lastKnownFileType = sourcecode.swift; path = PresetRegistryManager.swift; sourceTree = "<group>"; };
		FF98D41F7BDC89D993199016 /* GenerationCardView.swift */ = {isa = PBXFileReference; lastKnownFileType = sourcecode.swift; path = GenerationCardView.swift; sourceTree = "<group>"; };
/* End PBXFileReference section */

/* Begin PBXFrameworksBuildPhase section */
		0BA7A9AA216E00B083E79B48 /* Frameworks */ = {
			isa = PBXFrameworksBuildPhase;
			buildActionMask = 2147483647;
			files = (
				58BBC50A32FB46F00A059BB6 /* FirebaseAuth in Frameworks */,
				989874F0945BA7356528F19E /* RevenueCat in Frameworks */,
				382D5A0AAEB4E7CF7B87CD65 /* GoogleSignIn in Frameworks */,
				2B37491440F3B799AC6DB3FC /* GoogleSignInSwift in Frameworks */,
			);
			runOnlyForDeploymentPostprocessing = 0;
		};
/* End PBXFrameworksBuildPhase section */

/* Begin PBXGroup section */
		0015766FADFC83922CFFE754 /* FantasiaTests */ = {
			isa = PBXGroup;
			children = (
				D1D4AB707B12A710B0DAD119 /* OnboardingQuestionBankTests.swift */,
			);
			path = FantasiaTests;
			sourceTree = "<group>";
		};
		13CC4AB7951EED84A3605C02 /* Views */ = {
			isa = PBXGroup;
			children = (
				36EC4AF5B53AC10A99D47267 /* CheckInboxView.swift */,
				AD06EBDDED984EC354B17EC5 /* MainTabView.swift */,
				63A65D5512DE91F2D2D1BC1B /* SignInView.swift */,
				2F87E75370CA3504E80E2E52 /* SignUpView.swift */,
				C2752AF2A62657566B211B9B /* SplashView.swift */,
				395C7109C3476F244209ECA0 /* Components */,
				A05D8F1766F99A6C3145F3EE /* Feed */,
				FF9119D91C886273102943AD /* Generate */,
				310917A575E9D26FDCBE414E /* Home */,
				86F5431A6C3C2F21E257CE04 /* Library */,
				53184DDF5C85560F33C29D1E /* Onboarding */,
				BAA9F733EF9638C0A3B62619 /* Paywall */,
				9754CE97948C45B64BE85462 /* Player */,
				2852844D5C638484A9E6C72A /* Presets */,
				A5E948275525FAE94171DD07 /* Shared */,
			);
			path = Views;
			sourceTree = "<group>";
		};
		18291AFE74B0A76F2381C9F7 /* Network */ = {
			isa = PBXGroup;
			children = (
				F85FD0F112C85F88EAD5E3A7 /* APIClient.swift */,
				FE36B0056A0142DCBCDA131E /* PresetRegistryManager.swift */,
				085B4D75DB663F0A8A93228C /* RatesManager.swift */,
			);
			path = Network;
			sourceTree = "<group>";
		};
		2852844D5C638484A9E6C72A /* Presets */ = {
			isa = PBXGroup;
			children = (
				1A2DBF0E0597B3104F5FEC86 /* PresetInputSheet.swift */,
			);
			path = Presets;
			sourceTree = "<group>";
		};
		310917A575E9D26FDCBE414E /* Home */ = {
			isa = PBXGroup;
			children = (
				0226A3C8D078EB4BB18B608E /* HomeView.swift */,
				B96DAC085464091A33CE3D79 /* LoopPlayerPool.swift */,
				237303656EFC3D6EFF8E850F /* PresetTileView.swift */,
			);
			path = Home;
			sourceTree = "<group>";
		};
		395C7109C3476F244209ECA0 /* Components */ = {
			isa = PBXGroup;
			children = (
				901A7F56B670204A64832BCF /* ActivityViewController.swift */,
				93666B740F1CC44A352A2920 /* CameraPicker.swift */,
				9A6EF873F72A0E921645CE75 /* CircularCreditIndicator.swift */,
				E800BB75E6A7C706622D1CB0 /* CreditStoreView.swift */,
				E0373383B154A82D02C1939C /* ProfileCreditSheet.swift */,
				2A200AB6D9DBBC0500F05205 /* ScrollFriendlyContextMenu.swift */,
				ACCB6A3EF8F44442A1657016 /* SideDrawerView.swift */,
				EA736381FE914D7303D5DE5E /* TransparentFullScreenBackground.swift */,
			);
			path = Components;
			sourceTree = "<group>";
		};
		48BBF63E634AEE14C0D7DCE5 /* Models */ = {
			isa = PBXGroup;
			children = (
				A63EB005F89BF6BD6E2D5D5C /* GenerationItem.swift */,
				9F82A13068AFCD7F664A93D4 /* Preset.swift */,
			);
			path = Models;
			sourceTree = "<group>";
		};
		53184DDF5C85560F33C29D1E /* Onboarding */ = {
			isa = PBXGroup;
			children = (
				E1AF13629D571EF8D48B749B /* BubblePickerView.swift */,
				CED4282A9D0FC2042286F4D0 /* OnboardingFeatureSlideView.swift */,
				7D3BAFAAAE60103802F52B33 /* OnboardingFeaturesView.swift */,
				CE4A20B7195BE96373D799C9 /* OnboardingQuestion.swift */,
				C0545853EA07D5F8565556FF /* OnboardingVideoView.swift */,
				2B5077D8688B1538D3C4D849 /* OnboardingView.swift */,
			);
			path = Onboarding;
			sourceTree = "<group>";
		};
		7FEA6F335CD22F04FD1524C6 /* Resources */ = {
			isa = PBXGroup;
			children = (
				140F93AD2C9DA08A3241C3DC /* onboarding-sample.mp4 */,
				AFB7654B0746207F617ED9A4 /* presets.json */,
			);
			path = Resources;
			sourceTree = "<group>";
		};
		86F5431A6C3C2F21E257CE04 /* Library */ = {
			isa = PBXGroup;
			children = (
				5DC467B352929E669F55A9BF /* LibraryThumbnailView.swift */,
				E8ED7EF91ED015C15B87CF59 /* LibraryView.swift */,
			);
			path = Library;
			sourceTree = "<group>";
		};
		96DEDC2B08262C1BE0B33DE4 = {
			isa = PBXGroup;
			children = (
				AEB226F422F4B0AB19C75850 /* Fantasia */,
				0015766FADFC83922CFFE754 /* FantasiaTests */,
				C1DF6D5DA8F4695C0DE8ADB7 /* Products */,
			);
			sourceTree = "<group>";
		};
		9754CE97948C45B64BE85462 /* Player */ = {
			isa = PBXGroup;
			children = (
				67E710D93903D4F18F9ED05D /* FullScreenImageView.swift */,
				F47731F0C32B093108B94427 /* FullScreenVideoPlayerView.swift */,
				42C0949F568AD6AB3810C1C3 /* ZoomPanScrollView.swift */,
			);
			path = Player;
			sourceTree = "<group>";
		};
		99A35D5F4CE9CB83BD2485E1 /* Config */ = {
			isa = PBXGroup;
			children = (
				2D982E3DBBB56BABEB652202 /* AppConfig.swift */,
			);
			path = Config;
			sourceTree = "<group>";
		};
		9AD43FA858F66606AE0A3230 /* Managers */ = {
			isa = PBXGroup;
			children = (
				D1B0199A6781BA20AA574F8E /* MediaLibraryManager.swift */,
				4AA7FE65A0F6F3C578F44B03 /* OfferingsManager.swift */,
				6F17BD017E319CD6B181876C /* PurchaseManager.swift */,
			);
			path = Managers;
			sourceTree = "<group>";
		};
		A05D8F1766F99A6C3145F3EE /* Feed */ = {
			isa = PBXGroup;
			children = (
				AA9325B3ED5B04712AB19C26 /* FeedView.swift */,
				FF98D41F7BDC89D993199016 /* GenerationCardView.swift */,
				D14394B580AF055B8F4BDF02 /* GenerationDetailPagerView.swift */,
				54CAFBEB1496643221212D8F /* GenerationDetailSheet.swift */,
			);
			path = Feed;
			sourceTree = "<group>";
		};
		A5E948275525FAE94171DD07 /* Shared */ = {
			isa = PBXGroup;
			children = (
				BD7F4652AE34C76E2B3A7C74 /* GlassTextField.swift */,
				89DADBF436850B0317557514 /* NameAsReferenceAlertModifier.swift */,
				B6F014871EA8B9875D754906 /* PressableButtonStyle.swift */,
				BB17EB669A20752389935966 /* SocialSignInButton.swift */,
			);
			path = Shared;
			sourceTree = "<group>";
		};
		A89496FC599418237C67CAC3 /* Utilities */ = {
			isa = PBXGroup;
			children = (
				717CD558C67E62B28DC71D97 /* AppReview.swift */,
				677EDD477B29B62723B6D417 /* DrawerManager.swift */,
				AB1C6A280163238E4A8CF83F /* KeyboardHeightReader.swift */,
				32FA7D103105D0F66A50D38C /* KeyboardWarmer.swift */,
				CB3D6B0358D3CBC11D8A73E1 /* ListSnapshotStore.swift */,
				D20DDB7630607116A21D7693 /* MediaPrepService.swift */,
				76D50E6F16247DF7BE7CE91E /* ThemeManager.swift */,
				CDCEBE956B3FB9187BF83EE4 /* ThumbnailCache.swift */,
				45464ECF7BB6E5D7F0FCB0A6 /* VideoCache.swift */,
			);
			path = Utilities;
			sourceTree = "<group>";
		};
		AD9775C4F23E94D2318D185A /* Auth */ = {
			isa = PBXGroup;
			children = (
				5BD7E4FAC5CC8CB747642E0C /* AuthManager.swift */,
			);
			path = Auth;
			sourceTree = "<group>";
		};
		AEB226F422F4B0AB19C75850 /* Fantasia */ = {
			isa = PBXGroup;
			children = (
				71907E2C4814D307EE0AADF4 /* Assets.xcassets */,
				8A0CDFF7D5E6363BDD71A92A /* ContentView.swift */,
				739201A04305B948BFA7474D /* Fantasia.entitlements */,
				27960EB90112C73C94A802EC /* FantasiaApp.swift */,
				65A0DFC5793A9DA8DEE3335E /* GoogleService-Info.plist */,
				3DA93D5A4C686554C519842D /* Info.plist */,
				98728630D43E57BFF19C909E /* LaunchScreen.storyboard */,
				AD9775C4F23E94D2318D185A /* Auth */,
				99A35D5F4CE9CB83BD2485E1 /* Config */,
				C7AFE8FBDBC3A4D5E4E5A485 /* Credits */,
				F4B6126BD29990B46D8DAEA3 /* Generation */,
				9AD43FA858F66606AE0A3230 /* Managers */,
				48BBF63E634AEE14C0D7DCE5 /* Models */,
				18291AFE74B0A76F2381C9F7 /* Network */,
				BA8ADAFFFC39DDB32DFE30EB /* Notifications */,
				7FEA6F335CD22F04FD1524C6 /* Resources */,
				A89496FC599418237C67CAC3 /* Utilities */,
				13CC4AB7951EED84A3605C02 /* Views */,
			);
			path = Fantasia;
			sourceTree = "<group>";
		};
		BA8ADAFFFC39DDB32DFE30EB /* Notifications */ = {
			isa = PBXGroup;
			children = (
				BFE46B720B299E8E732C4EA9 /* PushNotificationManager.swift */,
			);
			path = Notifications;
			sourceTree = "<group>";
		};
		BAA9F733EF9638C0A3B62619 /* Paywall */ = {
			isa = PBXGroup;
			children = (
				918EF20B16E3D634C91E9668 /* ManageSubscriptionView.swift */,
				8CAA9C82EC2A449C5F50F0CD /* PaywallView.swift */,
				6313B0A55581090BEA6B4A13 /* PlanCardView.swift */,
				79385464051C4A0AD6E66F28 /* PlanCatalog.swift */,
			);
			path = Paywall;
			sourceTree = "<group>";
		};
		C1DF6D5DA8F4695C0DE8ADB7 /* Products */ = {
			isa = PBXGroup;
			children = (
				73AB21366AA28409EB76A559 /* Fantasia.app */,
				59E4FE5DF35EF32FE7883309 /* FantasiaTests.xctest */,
			);
			name = Products;
			sourceTree = "<group>";
		};
		C7AFE8FBDBC3A4D5E4E5A485 /* Credits */ = {
			isa = PBXGroup;
			children = (
				60D880315248963AAE05C9C2 /* CreditManager.swift */,
				9853E4B33F245F5961DC8563 /* EntitlementLevel.swift */,
			);
			path = Credits;
			sourceTree = "<group>";
		};
		F4B6126BD29990B46D8DAEA3 /* Generation */ = {
			isa = PBXGroup;
			children = (
				C297099F54ADF39EB8703661 /* GenerationManager.swift */,
			);
			path = Generation;
			sourceTree = "<group>";
		};
		FF9119D91C886273102943AD /* Generate */ = {
			isa = PBXGroup;
			children = (
				97B964B9E5B6C4E86DE99F91 /* CreateGenerationView.swift */,
				68544EFABAD6EC84426B2794 /* GenerateView.swift */,
				F2D2823CAA0AD0C9A75CBC49 /* GenerationOptionsPanel.swift */,
				6CADE304C9B50E97EED46BA1 /* HighlightingTextView.swift */,
			);
			path = Generate;
			sourceTree = "<group>";
		};
/* End PBXGroup section */

/* Begin PBXNativeTarget section */
		69EB605AE68DA044263C0B20 /* Fantasia */ = {
			isa = PBXNativeTarget;
			buildConfigurationList = 5FDE6D73BED1B9B623DF73A2 /* Build configuration list for PBXNativeTarget "Fantasia" */;
			buildPhases = (
				B42B8A454C43C494DEA0F920 /* Sources */,
				5F428DE7BEC1498EA98D3271 /* Resources */,
				0BA7A9AA216E00B083E79B48 /* Frameworks */,
			);
			buildRules = (
			);
			dependencies = (
			);
			name = Fantasia;
			packageProductDependencies = (
				EF9247AFEBA3DE555B9CEA35 /* FirebaseAuth */,
				449957FC49E746A99AC14325 /* RevenueCat */,
				134AEB4B90258A717279F950 /* GoogleSignIn */,
				7137D3DC45A60C75C3109168 /* GoogleSignInSwift */,
			);
			productName = Fantasia;
			productReference = 73AB21366AA28409EB76A559 /* Fantasia.app */;
			productType = "com.apple.product-type.application";
		};
		78BA3AE7D03B9D36EFE05DEE /* FantasiaTests */ = {
			isa = PBXNativeTarget;
			buildConfigurationList = 09190F81AE41DD7F4D5F99A5 /* Build configuration list for PBXNativeTarget "FantasiaTests" */;
			buildPhases = (
				EC93C9B88499B3F524A886D6 /* Sources */,
			);
			buildRules = (
			);
			dependencies = (
				C7C6D5F0AC335188E9225203 /* PBXTargetDependency */,
			);
			name = FantasiaTests;
			packageProductDependencies = (
			);
			productName = FantasiaTests;
			productReference = 59E4FE5DF35EF32FE7883309 /* FantasiaTests.xctest */;
			productType = "com.apple.product-type.bundle.unit-test";
		};
/* End PBXNativeTarget section */

/* Begin PBXProject section */
		CCAD4F3D9AC75FDC06C728E5 /* Project object */ = {
			isa = PBXProject;
			attributes = {
				BuildIndependentTargetsInParallel = YES;
				LastUpgradeCheck = 1500;
			};
			buildConfigurationList = 3627511614C8BD9B77F16CD0 /* Build configuration list for PBXProject "Fantasia" */;
			developmentRegion = en;
			hasScannedForEncodings = 0;
			knownRegions = (
				Base,
				en,
			);
			mainGroup = 96DEDC2B08262C1BE0B33DE4;
			minimizedProjectReferenceProxies = 1;
			packageReferences = (
				FB232EB0C1A9536B782E87FB /* XCRemoteSwiftPackageReference "firebase-ios-sdk" */,
				A4D8B56C89A1815B8348FBF3 /* XCRemoteSwiftPackageReference "GoogleSignIn-iOS" */,
				1CE45AE0C3C001334699CA74 /* XCRemoteSwiftPackageReference "purchases-ios" */,
			);
			preferredProjectObjectVersion = 77;
			productRefGroup = C1DF6D5DA8F4695C0DE8ADB7 /* Products */;
			projectDirPath = "";
			projectRoot = "";
			targets = (
				69EB605AE68DA044263C0B20 /* Fantasia */,
				78BA3AE7D03B9D36EFE05DEE /* FantasiaTests */,
			);
		};
/* End PBXProject section */

/* Begin PBXResourcesBuildPhase section */
		5F428DE7BEC1498EA98D3271 /* Resources */ = {
			isa = PBXResourcesBuildPhase;
			buildActionMask = 2147483647;
			files = (
				03DE4BE9123D30D92B6D6A4C /* Assets.xcassets in Resources */,
				09D762574E34B0934E137E4B /* GoogleService-Info.plist in Resources */,
				B17FF15D5D571DEAB54D0EB7 /* LaunchScreen.storyboard in Resources */,
				6B7B16C6F9B231A89B52A6F8 /* onboarding-sample.mp4 in Resources */,
				C2DC853F0FAFD1A9D4CD22D7 /* presets.json in Resources */,
			);
			runOnlyForDeploymentPostprocessing = 0;
		};
/* End PBXResourcesBuildPhase section */

/* Begin PBXSourcesBuildPhase section */
		B42B8A454C43C494DEA0F920 /* Sources */ = {
			isa = PBXSourcesBuildPhase;
			buildActionMask = 2147483647;
			files = (
				65FF5377B8122B161E1F8B23 /* APIClient.swift in Sources */,
				D9372B8A631BBC6C9CEFE70A /* ActivityViewController.swift in Sources */,
				B49029739FF08706EA9810E7 /* AppConfig.swift in Sources */,
				2234D1252AC365C122FD0D0D /* AppReview.swift in Sources */,
				56F365A49D67F15CB5AB8308 /* AuthManager.swift in Sources */,
				25CE5F74CC04C939F2066EF2 /* BubblePickerView.swift in Sources */,
				9CBE3B9FE3090E3EB4DBFE1C /* CameraPicker.swift in Sources */,
				6F591961CA61AAD504DD53CF /* CheckInboxView.swift in Sources */,
				32104E944D1A0E14E9D90D02 /* CircularCreditIndicator.swift in Sources */,
				E0D396BB6619E7630B49C1E2 /* ContentView.swift in Sources */,
				800A992332E0D1E793C4BA8A /* CreateGenerationView.swift in Sources */,
				3729BF5D687CF0876974F3FF /* CreditManager.swift in Sources */,
				ABB54C63E460F8B91648880B /* CreditStoreView.swift in Sources */,
				F6D9428EC7AAB60569B93E95 /* DrawerManager.swift in Sources */,
				43B31DB2BD0904565F710E08 /* EntitlementLevel.swift in Sources */,
				34C92730ADAA72393BA942A0 /* FantasiaApp.swift in Sources */,
				1C13DB6E3379720ACD260B16 /* FeedView.swift in Sources */,
				7C6DCB2D7E143459E39D77B5 /* FullScreenImageView.swift in Sources */,
				49D6A39D8DAD04C18910877C /* FullScreenVideoPlayerView.swift in Sources */,
				E3E16AFC8FAB266C77E5E920 /* GenerateView.swift in Sources */,
				17422C8DCDE8B4EAF6E6DADA /* GenerationCardView.swift in Sources */,
				D159637964125A3A1F0361EC /* GenerationDetailPagerView.swift in Sources */,
				18F347EAB3D07C4ACAB89528 /* GenerationDetailSheet.swift in Sources */,
				EBE3BD23343938B199C4054C /* GenerationItem.swift in Sources */,
				B0590E6407C84CD84A28E8F8 /* GenerationManager.swift in Sources */,
				BDF570EB3BF6C429ECD7E7F1 /* GenerationOptionsPanel.swift in Sources */,
				7DAA15400D90A9B0A0FB0C6F /* GlassTextField.swift in Sources */,
				23577959873A72580EBEACD8 /* HighlightingTextView.swift in Sources */,
				1C992AA667BC7F43BF6A54C0 /* HomeView.swift in Sources */,
				B181A2F03B20C67EC33045BE /* KeyboardHeightReader.swift in Sources */,
				A095F5D76111A4BB10B021A7 /* KeyboardWarmer.swift in Sources */,
				CEF62DAE8702AA91759CCB21 /* LibraryThumbnailView.swift in Sources */,
				4C378660EC485D05594F9CA1 /* LibraryView.swift in Sources */,
				80F186C893BEAC38CD5430DC /* ListSnapshotStore.swift in Sources */,
				D5B57AF6D5862CDBAA8414E8 /* LoopPlayerPool.swift in Sources */,
				85CA86AA8FFD652B733E9213 /* MainTabView.swift in Sources */,
				67EC63A23BC782891B037701 /* ManageSubscriptionView.swift in Sources */,
				B8BF8DA5F9DA655818EDEFE8 /* MediaLibraryManager.swift in Sources */,
				35FD5AAB7D6E926B27883A1A /* MediaPrepService.swift in Sources */,
				88D883F41FD2A11825631F90 /* NameAsReferenceAlertModifier.swift in Sources */,
				BCC4CF3583585BC660A132BB /* OfferingsManager.swift in Sources */,
				AA5B5DFFE899799050F6619F /* OnboardingFeatureSlideView.swift in Sources */,
				AABF3AA3BAB73CEDC39DF5FA /* OnboardingFeaturesView.swift in Sources */,
				09A51445466B4091D2D272B3 /* OnboardingQuestion.swift in Sources */,
				3258D39B4BF09B8943B0FCA5 /* OnboardingVideoView.swift in Sources */,
				58904F33D07BE199DD02AF7B /* OnboardingView.swift in Sources */,
				2936AC324024CAFC07A04B44 /* PaywallView.swift in Sources */,
				1669FF71F190326F73058C97 /* PlanCardView.swift in Sources */,
				B622ACBB68150822FA0175A8 /* PlanCatalog.swift in Sources */,
				EF827A848CA3924A8BCF21BC /* Preset.swift in Sources */,
				5E26753D3D8EDEE23AEC71B9 /* PresetInputSheet.swift in Sources */,
				F7C96691B1CCB91D591E56E6 /* PresetRegistryManager.swift in Sources */,
				2D68F00878203FF45BFE152D /* PresetTileView.swift in Sources */,
				353E782F3022A63807F459DE /* PressableButtonStyle.swift in Sources */,
				EE78B0416EB6685D788B8894 /* ProfileCreditSheet.swift in Sources */,
				0A2F523ECED9070744A0665C /* PurchaseManager.swift in Sources */,
				9EADCAA67965C05E1F7EB3E5 /* PushNotificationManager.swift in Sources */,
				DDBEE25E908DF1E2574D83E5 /* RatesManager.swift in Sources */,
				C2B359997B2C9829C6BB635F /* ScrollFriendlyContextMenu.swift in Sources */,
				3CB8B7981D22B914A0AB0E26 /* SideDrawerView.swift in Sources */,
				D9E82A35EB3D988E52600956 /* SignInView.swift in Sources */,
				668D558BEDC75E6CCDD3F553 /* SignUpView.swift in Sources */,
				14C33C25B4E446F40F55E0F3 /* SocialSignInButton.swift in Sources */,
				D68C30A5ACC054F44E532B0D /* SplashView.swift in Sources */,
				853EE388913AAC155DAD230F /* ThemeManager.swift in Sources */,
				C13DE69B70EBD480C723B43F /* ThumbnailCache.swift in Sources */,
				404B057D9B2E3C1CFCBB9B4A /* TransparentFullScreenBackground.swift in Sources */,
				2DBDB72DBEFE96C2A467E888 /* VideoCache.swift in Sources */,
				DDA4D9EF675EB93881F921B8 /* ZoomPanScrollView.swift in Sources */,
			);
			runOnlyForDeploymentPostprocessing = 0;
		};
		EC93C9B88499B3F524A886D6 /* Sources */ = {
			isa = PBXSourcesBuildPhase;
			buildActionMask = 2147483647;
			files = (
				1562160C4DBB10894DE25FB1 /* OnboardingQuestionBankTests.swift in Sources */,
			);
			runOnlyForDeploymentPostprocessing = 0;
		};
/* End PBXSourcesBuildPhase section */

/* Begin PBXTargetDependency section */
		C7C6D5F0AC335188E9225203 /* PBXTargetDependency */ = {
			isa = PBXTargetDependency;
			target = 69EB605AE68DA044263C0B20 /* Fantasia */;
			targetProxy = 0C2BD33DBAE37EC5B07D5AD4 /* PBXContainerItemProxy */;
		};
/* End PBXTargetDependency section */

/* Begin XCBuildConfiguration section */
		2BD9415CC171054B0E4AF9FB /* Release */ = {
			isa = XCBuildConfiguration;
			buildSettings = {
				ALWAYS_SEARCH_USER_PATHS = NO;
				CLANG_ANALYZER_NONNULL = YES;
				CLANG_ANALYZER_NUMBER_OBJECT_CONVERSION = YES_AGGRESSIVE;
				CLANG_CXX_LANGUAGE_STANDARD = "gnu++14";
				CLANG_CXX_LIBRARY = "libc++";
				CLANG_ENABLE_MODULES = YES;
				CLANG_ENABLE_OBJC_ARC = YES;
				CLANG_ENABLE_OBJC_WEAK = YES;
				CLANG_WARN_BLOCK_CAPTURE_AUTORELEASING = YES;
				CLANG_WARN_BOOL_CONVERSION = YES;
				CLANG_WARN_COMMA = YES;
				CLANG_WARN_CONSTANT_CONVERSION = YES;
				CLANG_WARN_DEPRECATED_OBJC_IMPLEMENTATIONS = YES;
				CLANG_WARN_DIRECT_OBJC_ISA_USAGE = YES_ERROR;
				CLANG_WARN_DOCUMENTATION_COMMENTS = YES;
				CLANG_WARN_EMPTY_BODY = YES;
				CLANG_WARN_ENUM_CONVERSION = YES;
				CLANG_WARN_INFINITE_RECURSION = YES;
				CLANG_WARN_INT_CONVERSION = YES;
				CLANG_WARN_NON_LITERAL_NULL_CONVERSION = YES;
				CLANG_WARN_OBJC_IMPLICIT_RETAIN_SELF = YES;
				CLANG_WARN_OBJC_LITERAL_CONVERSION = YES;
				CLANG_WARN_OBJC_ROOT_CLASS = YES_ERROR;
				CLANG_WARN_QUOTED_INCLUDE_IN_FRAMEWORK_HEADER = YES;
				CLANG_WARN_RANGE_LOOP_ANALYSIS = YES;
				CLANG_WARN_STRICT_PROTOTYPES = YES;
				CLANG_WARN_SUSPICIOUS_MOVE = YES;
				CLANG_WARN_UNGUARDED_AVAILABILITY = YES_AGGRESSIVE;
				CLANG_WARN_UNREACHABLE_CODE = YES;
				CLANG_WARN__DUPLICATE_METHOD_MATCH = YES;
				COPY_PHASE_STRIP = NO;
				DEBUG_INFORMATION_FORMAT = "dwarf-with-dsym";
				ENABLE_NS_ASSERTIONS = NO;
				ENABLE_STRICT_OBJC_MSGSEND = YES;
				GCC_C_LANGUAGE_STANDARD = gnu11;
				GCC_NO_COMMON_BLOCKS = YES;
				GCC_WARN_64_TO_32_BIT_CONVERSION = YES;
				GCC_WARN_ABOUT_RETURN_TYPE = YES_ERROR;
				GCC_WARN_UNDECLARED_SELECTOR = YES;
				GCC_WARN_UNINITIALIZED_AUTOS = YES_AGGRESSIVE;
				GCC_WARN_UNUSED_FUNCTION = YES;
				GCC_WARN_UNUSED_VARIABLE = YES;
				IPHONEOS_DEPLOYMENT_TARGET = 18.0;
				MTL_ENABLE_DEBUG_INFO = NO;
				MTL_FAST_MATH = YES;
				PRODUCT_NAME = "$(TARGET_NAME)";
				SDKROOT = iphoneos;
				SWIFT_COMPILATION_MODE = wholemodule;
				SWIFT_OPTIMIZATION_LEVEL = "-O";
				SWIFT_VERSION = 5.0;
			};
			name = Release;
		};
		393894CAEA7BC7461A2D1AE0 /* Release */ = {
			isa = XCBuildConfiguration;
			buildSettings = {
				ASSETCATALOG_COMPILER_APPICON_NAME = AppIcon;
				CODE_SIGN_ENTITLEMENTS = Fantasia/Fantasia.entitlements;
				CODE_SIGN_IDENTITY = "iPhone Developer";
				CURRENT_PROJECT_VERSION = 1;
				DEVELOPMENT_TEAM = 549T8GHTB8;
				INFOPLIST_FILE = Fantasia/Info.plist;
				IPHONEOS_DEPLOYMENT_TARGET = 18.0;
				LD_RUNPATH_SEARCH_PATHS = (
					"$(inherited)",
					"@executable_path/Frameworks",
				);
				MARKETING_VERSION = 0.0.1;
				PRODUCT_BUNDLE_IDENTIFIER = com.fantasiaai;
				PRODUCT_NAME = Fantasia;
				SDKROOT = iphoneos;
				SWIFT_VERSION = 5.9;
				TARGETED_DEVICE_FAMILY = 1;
			};
			name = Release;
		};
		427F1B7B08F2C6ABAD801C50 /* Release */ = {
			isa = XCBuildConfiguration;
			buildSettings = {
				BUNDLE_LOADER = "$(TEST_HOST)";
				GENERATE_INFOPLIST_FILE = YES;
				IPHONEOS_DEPLOYMENT_TARGET = 18.0;
				LD_RUNPATH_SEARCH_PATHS = (
					"$(inherited)",
					"@executable_path/Frameworks",
					"@loader_path/Frameworks",
				);
				PRODUCT_BUNDLE_IDENTIFIER = com.fantasiaai.tests;
				SDKROOT = iphoneos;
				SWIFT_VERSION = 5.9;
				TARGETED_DEVICE_FAMILY = "1,2";
				TEST_HOST = "$(BUILT_PRODUCTS_DIR)/Fantasia.app/Fantasia";
			};
			name = Release;
		};
		5DA0B9906F904F3D2EA76CD4 /* Debug */ = {
			isa = XCBuildConfiguration;
			buildSettings = {
				BUNDLE_LOADER = "$(TEST_HOST)";
				GENERATE_INFOPLIST_FILE = YES;
				IPHONEOS_DEPLOYMENT_TARGET = 18.0;
				LD_RUNPATH_SEARCH_PATHS = (
					"$(inherited)",
					"@executable_path/Frameworks",
					"@loader_path/Frameworks",
				);
				PRODUCT_BUNDLE_IDENTIFIER = com.fantasiaai.tests;
				SDKROOT = iphoneos;
				SWIFT_VERSION = 5.9;
				TARGETED_DEVICE_FAMILY = "1,2";
				TEST_HOST = "$(BUILT_PRODUCTS_DIR)/Fantasia.app/Fantasia";
			};
			name = Debug;
		};
		B94B75DBD93A719826B112DB /* Debug */ = {
			isa = XCBuildConfiguration;
			buildSettings = {
				ALWAYS_SEARCH_USER_PATHS = NO;
				CLANG_ANALYZER_NONNULL = YES;
				CLANG_ANALYZER_NUMBER_OBJECT_CONVERSION = YES_AGGRESSIVE;
				CLANG_CXX_LANGUAGE_STANDARD = "gnu++14";
				CLANG_CXX_LIBRARY = "libc++";
				CLANG_ENABLE_MODULES = YES;
				CLANG_ENABLE_OBJC_ARC = YES;
				CLANG_ENABLE_OBJC_WEAK = YES;
				CLANG_WARN_BLOCK_CAPTURE_AUTORELEASING = YES;
				CLANG_WARN_BOOL_CONVERSION = YES;
				CLANG_WARN_COMMA = YES;
				CLANG_WARN_CONSTANT_CONVERSION = YES;
				CLANG_WARN_DEPRECATED_OBJC_IMPLEMENTATIONS = YES;
				CLANG_WARN_DIRECT_OBJC_ISA_USAGE = YES_ERROR;
				CLANG_WARN_DOCUMENTATION_COMMENTS = YES;
				CLANG_WARN_EMPTY_BODY = YES;
				CLANG_WARN_ENUM_CONVERSION = YES;
				CLANG_WARN_INFINITE_RECURSION = YES;
				CLANG_WARN_INT_CONVERSION = YES;
				CLANG_WARN_NON_LITERAL_NULL_CONVERSION = YES;
				CLANG_WARN_OBJC_IMPLICIT_RETAIN_SELF = YES;
				CLANG_WARN_OBJC_LITERAL_CONVERSION = YES;
				CLANG_WARN_OBJC_ROOT_CLASS = YES_ERROR;
				CLANG_WARN_QUOTED_INCLUDE_IN_FRAMEWORK_HEADER = YES;
				CLANG_WARN_RANGE_LOOP_ANALYSIS = YES;
				CLANG_WARN_STRICT_PROTOTYPES = YES;
				CLANG_WARN_SUSPICIOUS_MOVE = YES;
				CLANG_WARN_UNGUARDED_AVAILABILITY = YES_AGGRESSIVE;
				CLANG_WARN_UNREACHABLE_CODE = YES;
				CLANG_WARN__DUPLICATE_METHOD_MATCH = YES;
				COPY_PHASE_STRIP = NO;
				DEBUG_INFORMATION_FORMAT = dwarf;
				ENABLE_STRICT_OBJC_MSGSEND = YES;
				ENABLE_TESTABILITY = YES;
				GCC_C_LANGUAGE_STANDARD = gnu11;
				GCC_DYNAMIC_NO_PIC = NO;
				GCC_NO_COMMON_BLOCKS = YES;
				GCC_OPTIMIZATION_LEVEL = 0;
				GCC_PREPROCESSOR_DEFINITIONS = (
					"$(inherited)",
					"DEBUG=1",
				);
				GCC_WARN_64_TO_32_BIT_CONVERSION = YES;
				GCC_WARN_ABOUT_RETURN_TYPE = YES_ERROR;
				GCC_WARN_UNDECLARED_SELECTOR = YES;
				GCC_WARN_UNINITIALIZED_AUTOS = YES_AGGRESSIVE;
				GCC_WARN_UNUSED_FUNCTION = YES;
				GCC_WARN_UNUSED_VARIABLE = YES;
				IPHONEOS_DEPLOYMENT_TARGET = 18.0;
				MTL_ENABLE_DEBUG_INFO = INCLUDE_SOURCE;
				MTL_FAST_MATH = YES;
				ONLY_ACTIVE_ARCH = YES;
				PRODUCT_NAME = "$(TARGET_NAME)";
				SDKROOT = iphoneos;
				SWIFT_ACTIVE_COMPILATION_CONDITIONS = DEBUG;
				SWIFT_OPTIMIZATION_LEVEL = "-Onone";
				SWIFT_VERSION = 5.0;
			};
			name = Debug;
		};
		F8A14995060C6B3901B3F74B /* Debug */ = {
			isa = XCBuildConfiguration;
			buildSettings = {
				ASSETCATALOG_COMPILER_APPICON_NAME = AppIcon;
				CODE_SIGN_ENTITLEMENTS = Fantasia/Fantasia.entitlements;
				CODE_SIGN_IDENTITY = "iPhone Developer";
				CURRENT_PROJECT_VERSION = 1;
				DEVELOPMENT_TEAM = 549T8GHTB8;
				INFOPLIST_FILE = Fantasia/Info.plist;
				IPHONEOS_DEPLOYMENT_TARGET = 18.0;
				LD_RUNPATH_SEARCH_PATHS = (
					"$(inherited)",
					"@executable_path/Frameworks",
				);
				MARKETING_VERSION = 0.0.1;
				PRODUCT_BUNDLE_IDENTIFIER = com.fantasiaai;
				PRODUCT_NAME = Fantasia;
				SDKROOT = iphoneos;
				SWIFT_VERSION = 5.9;
				TARGETED_DEVICE_FAMILY = 1;
			};
			name = Debug;
		};
/* End XCBuildConfiguration section */

/* Begin XCConfigurationList section */
		09190F81AE41DD7F4D5F99A5 /* Build configuration list for PBXNativeTarget "FantasiaTests" */ = {
			isa = XCConfigurationList;
			buildConfigurations = (
				5DA0B9906F904F3D2EA76CD4 /* Debug */,
				427F1B7B08F2C6ABAD801C50 /* Release */,
			);
			defaultConfigurationIsVisible = 0;
			defaultConfigurationName = Debug;
		};
		3627511614C8BD9B77F16CD0 /* Build configuration list for PBXProject "Fantasia" */ = {
			isa = XCConfigurationList;
			buildConfigurations = (
				B94B75DBD93A719826B112DB /* Debug */,
				2BD9415CC171054B0E4AF9FB /* Release */,
			);
			defaultConfigurationIsVisible = 0;
			defaultConfigurationName = Debug;
		};
		5FDE6D73BED1B9B623DF73A2 /* Build configuration list for PBXNativeTarget "Fantasia" */ = {
			isa = XCConfigurationList;
			buildConfigurations = (
				F8A14995060C6B3901B3F74B /* Debug */,
				393894CAEA7BC7461A2D1AE0 /* Release */,
			);
			defaultConfigurationIsVisible = 0;
			defaultConfigurationName = Debug;
		};
/* End XCConfigurationList section */

/* Begin XCRemoteSwiftPackageReference section */
		1CE45AE0C3C001334699CA74 /* XCRemoteSwiftPackageReference "purchases-ios" */ = {
			isa = XCRemoteSwiftPackageReference;
			repositoryURL = "https://github.com/RevenueCat/purchases-ios";
			requirement = {
				kind = upToNextMajorVersion;
				minimumVersion = 5.79.0;
			};
		};
		A4D8B56C89A1815B8348FBF3 /* XCRemoteSwiftPackageReference "GoogleSignIn-iOS" */ = {
			isa = XCRemoteSwiftPackageReference;
			repositoryURL = "https://github.com/google/GoogleSignIn-iOS";
			requirement = {
				kind = upToNextMajorVersion;
				minimumVersion = 7.0.0;
			};
		};
		FB232EB0C1A9536B782E87FB /* XCRemoteSwiftPackageReference "firebase-ios-sdk" */ = {
			isa = XCRemoteSwiftPackageReference;
			repositoryURL = "https://github.com/firebase/firebase-ios-sdk";
			requirement = {
				kind = upToNextMajorVersion;
				minimumVersion = 11.0.0;
			};
		};
/* End XCRemoteSwiftPackageReference section */

/* Begin XCSwiftPackageProductDependency section */
		134AEB4B90258A717279F950 /* GoogleSignIn */ = {
			isa = XCSwiftPackageProductDependency;
			package = A4D8B56C89A1815B8348FBF3 /* XCRemoteSwiftPackageReference "GoogleSignIn-iOS" */;
			productName = GoogleSignIn;
		};
		449957FC49E746A99AC14325 /* RevenueCat */ = {
			isa = XCSwiftPackageProductDependency;
			package = 1CE45AE0C3C001334699CA74 /* XCRemoteSwiftPackageReference "purchases-ios" */;
			productName = RevenueCat;
		};
		7137D3DC45A60C75C3109168 /* GoogleSignInSwift */ = {
			isa = XCSwiftPackageProductDependency;
			package = A4D8B56C89A1815B8348FBF3 /* XCRemoteSwiftPackageReference "GoogleSignIn-iOS" */;
			productName = GoogleSignInSwift;
		};
		EF9247AFEBA3DE555B9CEA35 /* FirebaseAuth */ = {
			isa = XCSwiftPackageProductDependency;
			package = FB232EB0C1A9536B782E87FB /* XCRemoteSwiftPackageReference "firebase-ios-sdk" */;
			productName = FirebaseAuth;
		};
/* End XCSwiftPackageProductDependency section */
	};
	rootObject = CCAD4F3D9AC75FDC06C728E5 /* Project object */;
}
